// !$*UTF8*$!
{
	archiveVersion = 1;
	classes = {
	};
	objectVersion = 46;
	objects = {

/* Begin PBXBuildFile section */
		15427C5A198F1DF000DC375D /* libcocos2d iOS.a in Frameworks */ = {isa = PBXBuildFile; fileRef = 15A8A4251834BDA200142BE0 /* libcocos2d iOS.a */; };
		15427C5B198F1E0100DC375D /* libluacocos2d iOS.a in Frameworks */ = {isa = PBXBuildFile; fileRef = 15427C59198F1DE400DC375D /* libluacocos2d iOS.a */; };
		15427C78198F1F9900DC375D /* libcocos2d Mac.a in Frameworks */ = {isa = PBXBuildFile; fileRef = 15A8A4171834BDA200142BE0 /* libcocos2d Mac.a */; };
		15427C79198F1FA200DC375D /* libluacocos2d Mac.a in Frameworks */ = {isa = PBXBuildFile; fileRef = 15427C49198F1DE400DC375D /* libluacocos2d Mac.a */; };
		15A8A4491834C64F00142BE0 /* Icon-114.png in Resources */ = {isa = PBXBuildFile; fileRef = 5023810C17EBBCAC00990C9B /* Icon-114.png */; };
		15A8A4881834C90F00142BE0 /* libcurl.dylib in Frameworks */ = {isa = PBXBuildFile; fileRef = 15A8A4871834C90E00142BE0 /* libcurl.dylib */; };
		15AECE29195D482800907DB0 /* MediaPlayer.framework in Frameworks */ = {isa = PBXBuildFile; fileRef = 15AECE28195D482800907DB0 /* MediaPlayer.framework */; };
		1AF4C403178663F200122817 /* libz.dylib in Frameworks */ = {isa = PBXBuildFile; fileRef = 1AF4C402178663F200122817 /* libz.dylib */; };
		33125B1A1A7A53B80030DD61 /* MWArrayList.cpp in Sources */ = {isa = PBXBuildFile; fileRef = 33125B181A7A53B80030DD61 /* MWArrayList.cpp */; };
		33250DC71A91E39A00D1668B /* MWJsonElement.cpp in Sources */ = {isa = PBXBuildFile; fileRef = 33250D911A91E39A00D1668B /* MWJsonElement.cpp */; };
		33250DC81A91E39A00D1668B /* MWJsonFormatter.cpp in Sources */ = {isa = PBXBuildFile; fileRef = 33250D931A91E39A00D1668B /* MWJsonFormatter.cpp */; };
		33250DC91A91E39A00D1668B /* MWJsonParser.cpp in Sources */ = {isa = PBXBuildFile; fileRef = 33250D951A91E39A00D1668B /* MWJsonParser.cpp */; };
		33250DCA1A91E39A00D1668B /* MWJsonStructure.cpp in Sources */ = {isa = PBXBuildFile; fileRef = 33250D971A91E39A00D1668B /* MWJsonStructure.cpp */; };
		33250DCB1A91E39A00D1668B /* internalJSONNode.cpp in Sources */ = {isa = PBXBuildFile; fileRef = 33250DA21A91E39A00D1668B /* internalJSONNode.cpp */; };
		33250DCC1A91E39A00D1668B /* JSONAllocator.cpp in Sources */ = {isa = PBXBuildFile; fileRef = 33250DA51A91E39A00D1668B /* JSONAllocator.cpp */; };
		33250DCD1A91E39A00D1668B /* JSONChildren.cpp in Sources */ = {isa = PBXBuildFile; fileRef = 33250DA71A91E39A00D1668B /* JSONChildren.cpp */; };
		33250DCE1A91E39A00D1668B /* JSONDebug.cpp in Sources */ = {isa = PBXBuildFile; fileRef = 33250DA91A91E39A00D1668B /* JSONDebug.cpp */; };
		33250DCF1A91E39A00D1668B /* JSONIterators.cpp in Sources */ = {isa = PBXBuildFile; fileRef = 33250DB21A91E39A00D1668B /* JSONIterators.cpp */; };
		33250DD01A91E39A00D1668B /* JSONMemory.cpp in Sources */ = {isa = PBXBuildFile; fileRef = 33250DB31A91E39A00D1668B /* JSONMemory.cpp */; };
		33250DD11A91E39A00D1668B /* JSONNode.cpp in Sources */ = {isa = PBXBuildFile; fileRef = 33250DB61A91E39A00D1668B /* JSONNode.cpp */; };
		33250DD21A91E39A00D1668B /* JSONNode_Mutex.cpp in Sources */ = {isa = PBXBuildFile; fileRef = 33250DB81A91E39A00D1668B /* JSONNode_Mutex.cpp */; };
		33250DD31A91E39A00D1668B /* JSONPreparse.cpp in Sources */ = {isa = PBXBuildFile; fileRef = 33250DB91A91E39A00D1668B /* JSONPreparse.cpp */; };
		33250DD41A91E39A00D1668B /* JSONStream.cpp in Sources */ = {isa = PBXBuildFile; fileRef = 33250DBE1A91E39A00D1668B /* JSONStream.cpp */; };
		33250DD51A91E39A00D1668B /* JSONValidator.cpp in Sources */ = {isa = PBXBuildFile; fileRef = 33250DC01A91E39A00D1668B /* JSONValidator.cpp */; };
		33250DD61A91E39A00D1668B /* JSONWorker.cpp in Sources */ = {isa = PBXBuildFile; fileRef = 33250DC21A91E39A00D1668B /* JSONWorker.cpp */; };
		33250DD71A91E39A00D1668B /* JSONWriter.cpp in Sources */ = {isa = PBXBuildFile; fileRef = 33250DC41A91E39A00D1668B /* JSONWriter.cpp */; };
		33250DD81A91E39A00D1668B /* libjson.cpp in Sources */ = {isa = PBXBuildFile; fileRef = 33250DC51A91E39A00D1668B /* libjson.cpp */; };
		3382D9F71A80F64C00A3702F /* FrameworkErrors.cpp in Sources */ = {isa = PBXBuildFile; fileRef = 3382D9F61A80F64C00A3702F /* FrameworkErrors.cpp */; };
		3382DA041A83966100A3702F /* MWObject.cpp in Sources */ = {isa = PBXBuildFile; fileRef = 3382DA021A83966100A3702F /* MWObject.cpp */; };
		33A37BF61A91D3D30042CA97 /* sqlite3.c in Sources */ = {isa = PBXBuildFile; fileRef = 33A37BF11A91D3D30042CA97 /* sqlite3.c */; };
		33A37BF71A91D3D30042CA97 /* MWSqliteDb.cpp in Sources */ = {isa = PBXBuildFile; fileRef = 33A37BF41A91D3D30042CA97 /* MWSqliteDb.cpp */; };
		33B78CB91A790DF9003FC84B /* MWDictionary.cpp in Sources */ = {isa = PBXBuildFile; fileRef = 33B78CB71A790DF9003FC84B /* MWDictionary.cpp */; };
		33B78CC11A7A3A7A003FC84B /* MWException.cpp in Sources */ = {isa = PBXBuildFile; fileRef = 33B78CBF1A7A3A7A003FC84B /* MWException.cpp */; };
		33BC56371A7B933000EBCA2A /* MWQueue.cpp in Sources */ = {isa = PBXBuildFile; fileRef = 33BC56351A7B933000EBCA2A /* MWQueue.cpp */; };
		33BC563A1A7B99D400EBCA2A /* MWStack.cpp in Sources */ = {isa = PBXBuildFile; fileRef = 33BC56381A7B99D400EBCA2A /* MWStack.cpp */; };
		33BC563F1A7BA39B00EBCA2A /* MWGameView.cpp in Sources */ = {isa = PBXBuildFile; fileRef = 33BC563D1A7BA39B00EBCA2A /* MWGameView.cpp */; };
		33C73FF41A7F1BED0057DA34 /* MWLuaUtils.cpp in Sources */ = {isa = PBXBuildFile; fileRef = 33C73FF21A7F1BED0057DA34 /* MWLuaUtils.cpp */; };
		5023811817EBBCAC00990C9B /* AppController.mm in Sources */ = {isa = PBXBuildFile; fileRef = 5023810817EBBCAC00990C9B /* AppController.mm */; };
		5023811917EBBCAC00990C9B /* Default-568h@2x.png in Resources */ = {isa = PBXBuildFile; fileRef = 5023810917EBBCAC00990C9B /* Default-568h@2x.png */; };
		5023811A17EBBCAC00990C9B /* Default.png in Resources */ = {isa = PBXBuildFile; fileRef = 5023810A17EBBCAC00990C9B /* Default.png */; };
		5023811B17EBBCAC00990C9B /* Default@2x.png in Resources */ = {isa = PBXBuildFile; fileRef = 5023810B17EBBCAC00990C9B /* Default@2x.png */; };
		5023811D17EBBCAC00990C9B /* Icon-120.png in Resources */ = {isa = PBXBuildFile; fileRef = 5023810D17EBBCAC00990C9B /* Icon-120.png */; };
		5023811E17EBBCAC00990C9B /* Icon-144.png in Resources */ = {isa = PBXBuildFile; fileRef = 5023810E17EBBCAC00990C9B /* Icon-144.png */; };
		5023811F17EBBCAC00990C9B /* Icon-152.png in Resources */ = {isa = PBXBuildFile; fileRef = 5023810F17EBBCAC00990C9B /* Icon-152.png */; };
		5023812017EBBCAC00990C9B /* Icon-57.png in Resources */ = {isa = PBXBuildFile; fileRef = 5023811017EBBCAC00990C9B /* Icon-57.png */; };
		5023812117EBBCAC00990C9B /* Icon-72.png in Resources */ = {isa = PBXBuildFile; fileRef = 5023811117EBBCAC00990C9B /* Icon-72.png */; };
		5023812217EBBCAC00990C9B /* Icon-76.png in Resources */ = {isa = PBXBuildFile; fileRef = 5023811217EBBCAC00990C9B /* Icon-76.png */; };
		5023812417EBBCAC00990C9B /* main.m in Sources */ = {isa = PBXBuildFile; fileRef = 5023811417EBBCAC00990C9B /* main.m */; };
		5023812517EBBCAC00990C9B /* RootViewController.mm in Sources */ = {isa = PBXBuildFile; fileRef = 5023811717EBBCAC00990C9B /* RootViewController.mm */; };
		5023813317EBBCE400990C9B /* AppDelegate.cpp in Sources */ = {isa = PBXBuildFile; fileRef = F293BB7E15EB831F00256477 /* AppDelegate.cpp */; };
		5023813717EBBCE400990C9B /* libz.dylib in Frameworks */ = {isa = PBXBuildFile; fileRef = 1AF4C402178663F200122817 /* libz.dylib */; };
		5023813E17EBBCE400990C9B /* QuartzCore.framework in Frameworks */ = {isa = PBXBuildFile; fileRef = F293B3CC15EB7BE500256477 /* QuartzCore.framework */; };
		5023814017EBBCE400990C9B /* OpenAL.framework in Frameworks */ = {isa = PBXBuildFile; fileRef = F293B3D015EB7BE500256477 /* OpenAL.framework */; };
		5023814117EBBCE400990C9B /* AudioToolbox.framework in Frameworks */ = {isa = PBXBuildFile; fileRef = F293B3D215EB7BE500256477 /* AudioToolbox.framework */; };
		5023814217EBBCE400990C9B /* AVFoundation.framework in Frameworks */ = {isa = PBXBuildFile; fileRef = F293B3D415EB7BE500256477 /* AVFoundation.framework */; };
		5023814417EBBCE400990C9B /* Foundation.framework in Frameworks */ = {isa = PBXBuildFile; fileRef = F293B3D815EB7BE500256477 /* Foundation.framework */; };
		5023817617EBBE3400990C9B /* Icon.icns in Resources */ = {isa = PBXBuildFile; fileRef = 5023817217EBBE3400990C9B /* Icon.icns */; };
		5023817A17EBBE8300990C9B /* OpenGLES.framework in Frameworks */ = {isa = PBXBuildFile; fileRef = 5023817917EBBE8300990C9B /* OpenGLES.framework */; };
		50805AAF17EBBEAA004CFAD3 /* UIKit.framework in Frameworks */ = {isa = PBXBuildFile; fileRef = 50805AAE17EBBEAA004CFAD3 /* UIKit.framework */; };
		5091733617ECE17A00D62437 /* Icon-29.png in Resources */ = {isa = PBXBuildFile; fileRef = 5091733017ECE17A00D62437 /* Icon-29.png */; };
		5091733717ECE17A00D62437 /* Icon-40.png in Resources */ = {isa = PBXBuildFile; fileRef = 5091733117ECE17A00D62437 /* Icon-40.png */; };
		5091733817ECE17A00D62437 /* Icon-50.png in Resources */ = {isa = PBXBuildFile; fileRef = 5091733217ECE17A00D62437 /* Icon-50.png */; };
		5091733917ECE17A00D62437 /* Icon-58.png in Resources */ = {isa = PBXBuildFile; fileRef = 5091733317ECE17A00D62437 /* Icon-58.png */; };
		5091733A17ECE17A00D62437 /* Icon-80.png in Resources */ = {isa = PBXBuildFile; fileRef = 5091733417ECE17A00D62437 /* Icon-80.png */; };
		5091733B17ECE17A00D62437 /* Icon-100.png in Resources */ = {isa = PBXBuildFile; fileRef = 5091733517ECE17A00D62437 /* Icon-100.png */; };
		50D7C96C17EBBEDF005D0B91 /* OpenGL.framework in Frameworks */ = {isa = PBXBuildFile; fileRef = 50D7C96B17EBBEDF005D0B91 /* OpenGL.framework */; };
		50D7C96E17EBBEE6005D0B91 /* AppKit.framework in Frameworks */ = {isa = PBXBuildFile; fileRef = 50D7C96D17EBBEE6005D0B91 /* AppKit.framework */; };
		50D7C97017EBBEEC005D0B91 /* IOKit.framework in Frameworks */ = {isa = PBXBuildFile; fileRef = 50D7C96F17EBBEEC005D0B91 /* IOKit.framework */; };
		521A8E6A19F0C3AC00D177D7 /* Default-667h@2x.png in Resources */ = {isa = PBXBuildFile; fileRef = 521A8E6819F0C3AC00D177D7 /* Default-667h@2x.png */; };
		521A8E6B19F0C3AC00D177D7 /* Default-736h@3x.png in Resources */ = {isa = PBXBuildFile; fileRef = 521A8E6919F0C3AC00D177D7 /* Default-736h@3x.png */; };
		78C738801A77EF9B0028FC3A /* MWGameScene.cpp in Sources */ = {isa = PBXBuildFile; fileRef = 78C7387E1A77EF9B0028FC3A /* MWGameScene.cpp */; };
		78C738861A77F4100028FC3A /* MWViewController.cpp in Sources */ = {isa = PBXBuildFile; fileRef = 78C738841A77F4100028FC3A /* MWViewController.cpp */; };
		78C738941A77F7440028FC3A /* MWBinaryData.cpp in Sources */ = {isa = PBXBuildFile; fileRef = 78C738871A77F7440028FC3A /* MWBinaryData.cpp */; };
		C03781B918BF655400FE4F13 /* res in Resources */ = {isa = PBXBuildFile; fileRef = C03781B718BF655400FE4F13 /* res */; };
		C03781BA18BF655400FE4F13 /* res in Resources */ = {isa = PBXBuildFile; fileRef = C03781B718BF655400FE4F13 /* res */; };
		C03781BB18BF655400FE4F13 /* src in Resources */ = {isa = PBXBuildFile; fileRef = C03781B818BF655400FE4F13 /* src */; };
		C03781BC18BF655400FE4F13 /* src in Resources */ = {isa = PBXBuildFile; fileRef = C03781B818BF655400FE4F13 /* src */; };
		C06E23C418CEF9740093C81A /* main.cpp in Sources */ = {isa = PBXBuildFile; fileRef = C06E23C318CEF9740093C81A /* main.cpp */; };
		D6B061351803AC000077942B /* CoreMotion.framework in Frameworks */ = {isa = PBXBuildFile; fileRef = D6B061341803AC000077942B /* CoreMotion.framework */; };
		F293B3CD15EB7BE500256477 /* QuartzCore.framework in Frameworks */ = {isa = PBXBuildFile; fileRef = F293B3CC15EB7BE500256477 /* QuartzCore.framework */; };
		F293B3D115EB7BE500256477 /* OpenAL.framework in Frameworks */ = {isa = PBXBuildFile; fileRef = F293B3D015EB7BE500256477 /* OpenAL.framework */; };
		F293B3D315EB7BE500256477 /* AudioToolbox.framework in Frameworks */ = {isa = PBXBuildFile; fileRef = F293B3D215EB7BE500256477 /* AudioToolbox.framework */; };
		F293B3D515EB7BE500256477 /* AVFoundation.framework in Frameworks */ = {isa = PBXBuildFile; fileRef = F293B3D415EB7BE500256477 /* AVFoundation.framework */; };
		F293B3D915EB7BE500256477 /* Foundation.framework in Frameworks */ = {isa = PBXBuildFile; fileRef = F293B3D815EB7BE500256477 /* Foundation.framework */; };
		F293B3DB15EB7BE500256477 /* CoreGraphics.framework in Frameworks */ = {isa = PBXBuildFile; fileRef = F293B3DA15EB7BE500256477 /* CoreGraphics.framework */; };
		F293BB9C15EB831F00256477 /* AppDelegate.cpp in Sources */ = {isa = PBXBuildFile; fileRef = F293BB7E15EB831F00256477 /* AppDelegate.cpp */; };
		F535359D1AB448FD00EF7298 /* MWNetRequest.cpp in Sources */ = {isa = PBXBuildFile; fileRef = F535359B1AB448FD00EF7298 /* MWNetRequest.cpp */; };
		F53535A21AB44F1600EF7298 /* MWNetResponse.cpp in Sources */ = {isa = PBXBuildFile; fileRef = F53535A01AB44F1600EF7298 /* MWNetResponse.cpp */; };
		F53535A51AB4512D00EF7298 /* MWNetProtocol.cpp in Sources */ = {isa = PBXBuildFile; fileRef = F53535A31AB4512D00EF7298 /* MWNetProtocol.cpp */; };
		F53535AD1AB455AE00EF7298 /* MWNetCenter.cpp in Sources */ = {isa = PBXBuildFile; fileRef = F53535AB1AB455AE00EF7298 /* MWNetCenter.cpp */; };
		F53535B01AB4569A00EF7298 /* MWNetHandler.cpp in Sources */ = {isa = PBXBuildFile; fileRef = F53535AF1AB4569A00EF7298 /* MWNetHandler.cpp */; };
		F53535B51AB45A4100EF7298 /* MWNetFilter.cpp in Sources */ = {isa = PBXBuildFile; fileRef = F53535B31AB45A4100EF7298 /* MWNetFilter.cpp */; };
		F5629EB81AEC202A00CC4F1F /* MWZipData.cpp in Sources */ = {isa = PBXBuildFile; fileRef = F5629EB61AEC202A00CC4F1F /* MWZipData.cpp */; };
		F5629EC41AEC20F000CC4F1F /* ioapi.c in Sources */ = {isa = PBXBuildFile; fileRef = F5629EBC1AEC20F000CC4F1F /* ioapi.c */; };
		F5629EC51AEC20F000CC4F1F /* mztools.c in Sources */ = {isa = PBXBuildFile; fileRef = F5629EBE1AEC20F000CC4F1F /* mztools.c */; };
		F5629EC61AEC20F000CC4F1F /* unzip.c in Sources */ = {isa = PBXBuildFile; fileRef = F5629EC01AEC20F000CC4F1F /* unzip.c */; };
		F5629EC71AEC20F000CC4F1F /* zip.c in Sources */ = {isa = PBXBuildFile; fileRef = F5629EC21AEC20F000CC4F1F /* zip.c */; };
		F5714FE01AB9D77B00AF3A51 /* MWHttpDownloader.cpp in Sources */ = {isa = PBXBuildFile; fileRef = F5714FD91AB9D77B00AF3A51 /* MWHttpDownloader.cpp */; };
		F5714FE11AB9D77B00AF3A51 /* MWHttpForm.cpp in Sources */ = {isa = PBXBuildFile; fileRef = F5714FDB1AB9D77B00AF3A51 /* MWHttpForm.cpp */; };
		F5714FE21AB9D77B00AF3A51 /* MWHttpGetService.cpp in Sources */ = {isa = PBXBuildFile; fileRef = F5714FDD1AB9D77B00AF3A51 /* MWHttpGetService.cpp */; };
		F57150931AB9E4B900AF3A51 /* libcurl.a in Frameworks */ = {isa = PBXBuildFile; fileRef = F57150921AB9E4B900AF3A51 /* libcurl.a */; };
		F5C9F9271AD7B5B6008FAF9A /* MWSystemHelper.cpp in Sources */ = {isa = PBXBuildFile; fileRef = F5C9F9251AD7B5B6008FAF9A /* MWSystemHelper.cpp */; };
		F5C9F92C1AD7B99A008FAF9A /* MWSystemHelperStrategyIOS.mm in Sources */ = {isa = PBXBuildFile; fileRef = F5C9F92B1AD7B99A008FAF9A /* MWSystemHelperStrategyIOS.mm */; };
		F5CF4A421ADB6DA900D0AF87 /* MWViewSegue.cpp in Sources */ = {isa = PBXBuildFile; fileRef = F5CF4A401ADB6DA900D0AF87 /* MWViewSegue.cpp */; };
		F5CF4A491ADBEDC000D0AF87 /* MWIOUtilsImpIOS.cpp in Sources */ = {isa = PBXBuildFile; fileRef = F5CF4A481ADBEDC000D0AF87 /* MWIOUtilsImpIOS.cpp */; };
		F5CF4A4C1ADBF3BC00D0AF87 /* MWUUIDGenerator.cpp in Sources */ = {isa = PBXBuildFile; fileRef = F5CF4A4A1ADBF3BC00D0AF87 /* MWUUIDGenerator.cpp */; };
		F5CF4A511ADCE52C00D0AF87 /* MWHttpPostService.cpp in Sources */ = {isa = PBXBuildFile; fileRef = F5CF4A4F1ADCE52C00D0AF87 /* MWHttpPostService.cpp */; };
		F5CF4A5F1ADCE8CD00D0AF87 /* dgif_lib.c in Sources */ = {isa = PBXBuildFile; fileRef = F5CF4A551ADCE8CD00D0AF87 /* dgif_lib.c */; };
		F5CF4A601ADCE8CD00D0AF87 /* egif_lib.c in Sources */ = {isa = PBXBuildFile; fileRef = F5CF4A561ADCE8CD00D0AF87 /* egif_lib.c */; };
		F5CF4A611ADCE8CD00D0AF87 /* gif_err.c in Sources */ = {isa = PBXBuildFile; fileRef = F5CF4A571ADCE8CD00D0AF87 /* gif_err.c */; };
		F5CF4A621ADCE8CD00D0AF87 /* gif_font.c in Sources */ = {isa = PBXBuildFile; fileRef = F5CF4A581ADCE8CD00D0AF87 /* gif_font.c */; };
		F5CF4A631ADCE8CD00D0AF87 /* gif_hash.c in Sources */ = {isa = PBXBuildFile; fileRef = F5CF4A591ADCE8CD00D0AF87 /* gif_hash.c */; };
		F5CF4A641ADCE8CD00D0AF87 /* gifalloc.c in Sources */ = {isa = PBXBuildFile; fileRef = F5CF4A5D1ADCE8CD00D0AF87 /* gifalloc.c */; };
		F5CF4A651ADCE8CD00D0AF87 /* quantize.c in Sources */ = {isa = PBXBuildFile; fileRef = F5CF4A5E1ADCE8CD00D0AF87 /* quantize.c */; };
		F5CF4A681ADCE9EA00D0AF87 /* MWGifFrame.cpp in Sources */ = {isa = PBXBuildFile; fileRef = F5CF4A661ADCE9EA00D0AF87 /* MWGifFrame.cpp */; };
		F5CF4A6D1ADCF1EC00D0AF87 /* MWGifSprite.cpp in Sources */ = {isa = PBXBuildFile; fileRef = F5CF4A6B1ADCF1EC00D0AF87 /* MWGifSprite.cpp */; };
/* End PBXBuildFile section */

/* Begin PBXContainerItemProxy section */
		15427C48198F1DE400DC375D /* PBXContainerItemProxy */ = {
			isa = PBXContainerItemProxy;
			containerPortal = C03781AE18BF654500FE4F13 /* cocos2d_lua_bindings.xcodeproj */;
			proxyType = 2;
			remoteGlobalIDString = 15C1C2CC198748D200A46ACC;
			remoteInfo = "libluacocos2d Mac";
		};
		15427C58198F1DE400DC375D /* PBXContainerItemProxy */ = {
			isa = PBXContainerItemProxy;
			containerPortal = C03781AE18BF654500FE4F13 /* cocos2d_lua_bindings.xcodeproj */;
			proxyType = 2;
			remoteGlobalIDString = 15EFA616198B2DAA000C57D3;
			remoteInfo = "libluacocos2d iOS";
		};
		15427C64198F1E7400DC375D /* PBXContainerItemProxy */ = {
			isa = PBXContainerItemProxy;
			containerPortal = C03781AE18BF654500FE4F13 /* cocos2d_lua_bindings.xcodeproj */;
			proxyType = 1;
			remoteGlobalIDString = 15EFA59E198B2DAA000C57D3;
			remoteInfo = "libluacocos2d iOS";
		};
		15427C66198F1E7400DC375D /* PBXContainerItemProxy */ = {
			isa = PBXContainerItemProxy;
			containerPortal = 15A8A4031834BDA200142BE0 /* cocos2d_libs.xcodeproj */;
			proxyType = 1;
			remoteGlobalIDString = A07A4C241783777C0073F6A7;
			remoteInfo = "libcocos2d iOS";
		};
		15427C70198F1F4D00DC375D /* PBXContainerItemProxy */ = {
			isa = PBXContainerItemProxy;
			containerPortal = C03781AE18BF654500FE4F13 /* cocos2d_lua_bindings.xcodeproj */;
			proxyType = 1;
			remoteGlobalIDString = 15C1C255198748D200A46ACC;
			remoteInfo = "libluacocos2d Mac";
		};
		15427C72198F1F4D00DC375D /* PBXContainerItemProxy */ = {
			isa = PBXContainerItemProxy;
			containerPortal = 15A8A4031834BDA200142BE0 /* cocos2d_libs.xcodeproj */;
			proxyType = 1;
			remoteGlobalIDString = 1551A33E158F2AB200E66CFE;
			remoteInfo = "libcocos2d Mac";
		};
		15A8A4161834BDA200142BE0 /* PBXContainerItemProxy */ = {
			isa = PBXContainerItemProxy;
			containerPortal = 15A8A4031834BDA200142BE0 /* cocos2d_libs.xcodeproj */;
			proxyType = 2;
			remoteGlobalIDString = 1551A33F158F2AB200E66CFE;
			remoteInfo = "cocos2dx Mac";
		};
		15A8A4241834BDA200142BE0 /* PBXContainerItemProxy */ = {
			isa = PBXContainerItemProxy;
			containerPortal = 15A8A4031834BDA200142BE0 /* cocos2d_libs.xcodeproj */;
			proxyType = 2;
			remoteGlobalIDString = A07A4D641783777C0073F6A7;
			remoteInfo = "cocos2dx iOS";
		};
/* End PBXContainerItemProxy section */

/* Begin PBXFileReference section */
		15427C7E198F201A00DC375D /* lua_module_register.h */ = {isa = PBXFileReference; fileEncoding = 4; lastKnownFileType = sourcecode.c.h; name = lua_module_register.h; path = ../Classes/lua_module_register.h; sourceTree = "<group>"; };
		15A8A4031834BDA200142BE0 /* cocos2d_libs.xcodeproj */ = {isa = PBXFileReference; lastKnownFileType = "wrapper.pb-project"; name = cocos2d_libs.xcodeproj; path = "../../cocos2d-x/build/cocos2d_libs.xcodeproj"; sourceTree = "<group>"; };
		15A8A4871834C90E00142BE0 /* libcurl.dylib */ = {isa = PBXFileReference; lastKnownFileType = "compiled.mach-o.dylib"; name = libcurl.dylib; path = usr/lib/libcurl.dylib; sourceTree = SDKROOT; };
		15AECE28195D482800907DB0 /* MediaPlayer.framework */ = {isa = PBXFileReference; lastKnownFileType = wrapper.framework; name = MediaPlayer.framework; path = Platforms/iPhoneOS.platform/Developer/SDKs/iPhoneOS7.1.sdk/System/Library/Frameworks/MediaPlayer.framework; sourceTree = DEVELOPER_DIR; };
		15C1568D1683131500D239F2 /* libcurl.a */ = {isa = PBXFileReference; lastKnownFileType = archive.ar; name = libcurl.a; path = "../../cocos2d-x/cocos2dx/platform/third_party/ios/libraries/libcurl.a"; sourceTree = "<group>"; };
		1AF4C402178663F200122817 /* libz.dylib */ = {isa = PBXFileReference; lastKnownFileType = "compiled.mach-o.dylib"; name = libz.dylib; path = usr/lib/libz.dylib; sourceTree = SDKROOT; };
		33125B181A7A53B80030DD61 /* MWArrayList.cpp */ = {isa = PBXFileReference; fileEncoding = 4; lastKnownFileType = sourcecode.cpp.cpp; path = MWArrayList.cpp; sourceTree = "<group>"; };
		33125B191A7A53B80030DD61 /* MWArrayList.h */ = {isa = PBXFileReference; fileEncoding = 4; lastKnownFileType = sourcecode.c.h; path = MWArrayList.h; sourceTree = "<group>"; };
		33250D911A91E39A00D1668B /* MWJsonElement.cpp */ = {isa = PBXFileReference; fileEncoding = 4; lastKnownFileType = sourcecode.cpp.cpp; path = MWJsonElement.cpp; sourceTree = "<group>"; };
		33250D921A91E39A00D1668B /* MWJsonElement.h */ = {isa = PBXFileReference; fileEncoding = 4; lastKnownFileType = sourcecode.c.h; path = MWJsonElement.h; sourceTree = "<group>"; };
		33250D931A91E39A00D1668B /* MWJsonFormatter.cpp */ = {isa = PBXFileReference; fileEncoding = 4; lastKnownFileType = sourcecode.cpp.cpp; path = MWJsonFormatter.cpp; sourceTree = "<group>"; };
		33250D941A91E39A00D1668B /* MWJsonFormatter.h */ = {isa = PBXFileReference; fileEncoding = 4; lastKnownFileType = sourcecode.c.h; path = MWJsonFormatter.h; sourceTree = "<group>"; };
		33250D951A91E39A00D1668B /* MWJsonParser.cpp */ = {isa = PBXFileReference; fileEncoding = 4; lastKnownFileType = sourcecode.cpp.cpp; path = MWJsonParser.cpp; sourceTree = "<group>"; };
		33250D961A91E39A00D1668B /* MWJsonParser.h */ = {isa = PBXFileReference; fileEncoding = 4; lastKnownFileType = sourcecode.c.h; path = MWJsonParser.h; sourceTree = "<group>"; };
		33250D971A91E39A00D1668B /* MWJsonStructure.cpp */ = {isa = PBXFileReference; fileEncoding = 4; lastKnownFileType = sourcecode.cpp.cpp; path = MWJsonStructure.cpp; sourceTree = "<group>"; };
		33250D981A91E39A00D1668B /* MWJsonStructure.h */ = {isa = PBXFileReference; fileEncoding = 4; lastKnownFileType = sourcecode.c.h; path = MWJsonStructure.h; sourceTree = "<group>"; };
		33250D9C1A91E39A00D1668B /* libbase64++.h */ = {isa = PBXFileReference; fileEncoding = 4; lastKnownFileType = sourcecode.c.h; path = "libbase64++.h"; sourceTree = "<group>"; };
		33250D9E1A91E39A00D1668B /* mempool.h */ = {isa = PBXFileReference; fileEncoding = 4; lastKnownFileType = sourcecode.c.h; path = mempool.h; sourceTree = "<group>"; };
		33250D9F1A91E39A00D1668B /* JSONOptions.h */ = {isa = PBXFileReference; fileEncoding = 4; lastKnownFileType = sourcecode.c.h; path = JSONOptions.h; sourceTree = "<group>"; };
		33250DA01A91E39A00D1668B /* libjson.h */ = {isa = PBXFileReference; fileEncoding = 4; lastKnownFileType = sourcecode.c.h; path = libjson.h; sourceTree = "<group>"; };
		33250DA21A91E39A00D1668B /* internalJSONNode.cpp */ = {isa = PBXFileReference; fileEncoding = 4; lastKnownFileType = sourcecode.cpp.cpp; path = internalJSONNode.cpp; sourceTree = "<group>"; };
		33250DA31A91E39A00D1668B /* internalJSONNode.h */ = {isa = PBXFileReference; fileEncoding = 4; lastKnownFileType = sourcecode.c.h; path = internalJSONNode.h; sourceTree = "<group>"; };
		33250DA41A91E39A00D1668B /* JSON_Base64.h */ = {isa = PBXFileReference; fileEncoding = 4; lastKnownFileType = sourcecode.c.h; path = JSON_Base64.h; sourceTree = "<group>"; };
		33250DA51A91E39A00D1668B /* JSONAllocator.cpp */ = {isa = PBXFileReference; fileEncoding = 4; lastKnownFileType = sourcecode.cpp.cpp; path = JSONAllocator.cpp; sourceTree = "<group>"; };
		33250DA61A91E39A00D1668B /* JSONAllocator.h */ = {isa = PBXFileReference; fileEncoding = 4; lastKnownFileType = sourcecode.c.h; path = JSONAllocator.h; sourceTree = "<group>"; };
		33250DA71A91E39A00D1668B /* JSONChildren.cpp */ = {isa = PBXFileReference; fileEncoding = 4; lastKnownFileType = sourcecode.cpp.cpp; path = JSONChildren.cpp; sourceTree = "<group>"; };
		33250DA81A91E39A00D1668B /* JSONChildren.h */ = {isa = PBXFileReference; fileEncoding = 4; lastKnownFileType = sourcecode.c.h; path = JSONChildren.h; sourceTree = "<group>"; };
		33250DA91A91E39A00D1668B /* JSONDebug.cpp */ = {isa = PBXFileReference; fileEncoding = 4; lastKnownFileType = sourcecode.cpp.cpp; path = JSONDebug.cpp; sourceTree = "<group>"; };
		33250DAA1A91E39A00D1668B /* JSONDebug.h */ = {isa = PBXFileReference; fileEncoding = 4; lastKnownFileType = sourcecode.c.h; path = JSONDebug.h; sourceTree = "<group>"; };
		33250DAC1A91E39A00D1668B /* GNU_C.h */ = {isa = PBXFileReference; fileEncoding = 4; lastKnownFileType = sourcecode.c.h; path = GNU_C.h; sourceTree = "<group>"; };
		33250DAD1A91E39A00D1668B /* Strings_Defs.h */ = {isa = PBXFileReference; fileEncoding = 4; lastKnownFileType = sourcecode.c.h; path = Strings_Defs.h; sourceTree = "<group>"; };
		33250DAE1A91E39A00D1668B /* Unknown_C.h */ = {isa = PBXFileReference; fileEncoding = 4; lastKnownFileType = sourcecode.c.h; path = Unknown_C.h; sourceTree = "<group>"; };
		33250DAF1A91E39A00D1668B /* Visual_C.h */ = {isa = PBXFileReference; fileEncoding = 4; lastKnownFileType = sourcecode.c.h; path = Visual_C.h; sourceTree = "<group>"; };
		33250DB01A91E39A00D1668B /* JSONDefs.h */ = {isa = PBXFileReference; fileEncoding = 4; lastKnownFileType = sourcecode.c.h; path = JSONDefs.h; sourceTree = "<group>"; };
		33250DB11A91E39A00D1668B /* JSONGlobals.h */ = {isa = PBXFileReference; fileEncoding = 4; lastKnownFileType = sourcecode.c.h; path = JSONGlobals.h; sourceTree = "<group>"; };
		33250DB21A91E39A00D1668B /* JSONIterators.cpp */ = {isa = PBXFileReference; fileEncoding = 4; lastKnownFileType = sourcecode.cpp.cpp; path = JSONIterators.cpp; sourceTree = "<group>"; };
		33250DB31A91E39A00D1668B /* JSONMemory.cpp */ = {isa = PBXFileReference; fileEncoding = 4; lastKnownFileType = sourcecode.cpp.cpp; path = JSONMemory.cpp; sourceTree = "<group>"; };
		33250DB41A91E39A00D1668B /* JSONMemory.h */ = {isa = PBXFileReference; fileEncoding = 4; lastKnownFileType = sourcecode.c.h; path = JSONMemory.h; sourceTree = "<group>"; };
		33250DB51A91E39A00D1668B /* JSONMemoryPool.h */ = {isa = PBXFileReference; fileEncoding = 4; lastKnownFileType = sourcecode.c.h; path = JSONMemoryPool.h; sourceTree = "<group>"; };
		33250DB61A91E39A00D1668B /* JSONNode.cpp */ = {isa = PBXFileReference; fileEncoding = 4; lastKnownFileType = sourcecode.cpp.cpp; path = JSONNode.cpp; sourceTree = "<group>"; };
		33250DB71A91E39A00D1668B /* JSONNode.h */ = {isa = PBXFileReference; fileEncoding = 4; lastKnownFileType = sourcecode.c.h; path = JSONNode.h; sourceTree = "<group>"; };
		33250DB81A91E39A00D1668B /* JSONNode_Mutex.cpp */ = {isa = PBXFileReference; fileEncoding = 4; lastKnownFileType = sourcecode.cpp.cpp; path = JSONNode_Mutex.cpp; sourceTree = "<group>"; };
		33250DB91A91E39A00D1668B /* JSONPreparse.cpp */ = {isa = PBXFileReference; fileEncoding = 4; lastKnownFileType = sourcecode.cpp.cpp; path = JSONPreparse.cpp; sourceTree = "<group>"; };
		33250DBA1A91E39A00D1668B /* JSONPreparse.h */ = {isa = PBXFileReference; fileEncoding = 4; lastKnownFileType = sourcecode.c.h; path = JSONPreparse.h; sourceTree = "<group>"; };
		33250DBB1A91E39A00D1668B /* JSONSharedString.h */ = {isa = PBXFileReference; fileEncoding = 4; lastKnownFileType = sourcecode.c.h; path = JSONSharedString.h; sourceTree = "<group>"; };
		33250DBC1A91E39A00D1668B /* JSONSingleton.h */ = {isa = PBXFileReference; fileEncoding = 4; lastKnownFileType = sourcecode.c.h; path = JSONSingleton.h; sourceTree = "<group>"; };
		33250DBD1A91E39A00D1668B /* JSONStats.h */ = {isa = PBXFileReference; fileEncoding = 4; lastKnownFileType = sourcecode.c.h; path = JSONStats.h; sourceTree = "<group>"; };
		33250DBE1A91E39A00D1668B /* JSONStream.cpp */ = {isa = PBXFileReference; fileEncoding = 4; lastKnownFileType = sourcecode.cpp.cpp; path = JSONStream.cpp; sourceTree = "<group>"; };
		33250DBF1A91E39A00D1668B /* JSONStream.h */ = {isa = PBXFileReference; fileEncoding = 4; lastKnownFileType = sourcecode.c.h; path = JSONStream.h; sourceTree = "<group>"; };
		33250DC01A91E39A00D1668B /* JSONValidator.cpp */ = {isa = PBXFileReference; fileEncoding = 4; lastKnownFileType = sourcecode.cpp.cpp; path = JSONValidator.cpp; sourceTree = "<group>"; };
		33250DC11A91E39A00D1668B /* JSONValidator.h */ = {isa = PBXFileReference; fileEncoding = 4; lastKnownFileType = sourcecode.c.h; path = JSONValidator.h; sourceTree = "<group>"; };
		33250DC21A91E39A00D1668B /* JSONWorker.cpp */ = {isa = PBXFileReference; fileEncoding = 4; lastKnownFileType = sourcecode.cpp.cpp; path = JSONWorker.cpp; sourceTree = "<group>"; };
		33250DC31A91E39A00D1668B /* JSONWorker.h */ = {isa = PBXFileReference; fileEncoding = 4; lastKnownFileType = sourcecode.c.h; path = JSONWorker.h; sourceTree = "<group>"; };
		33250DC41A91E39A00D1668B /* JSONWriter.cpp */ = {isa = PBXFileReference; fileEncoding = 4; lastKnownFileType = sourcecode.cpp.cpp; path = JSONWriter.cpp; sourceTree = "<group>"; };
		33250DC51A91E39A00D1668B /* libjson.cpp */ = {isa = PBXFileReference; fileEncoding = 4; lastKnownFileType = sourcecode.cpp.cpp; path = libjson.cpp; sourceTree = "<group>"; };
		33250DC61A91E39A00D1668B /* NumberToString.h */ = {isa = PBXFileReference; fileEncoding = 4; lastKnownFileType = sourcecode.c.h; path = NumberToString.h; sourceTree = "<group>"; };
		3382D9F61A80F64C00A3702F /* FrameworkErrors.cpp */ = {isa = PBXFileReference; fileEncoding = 4; lastKnownFileType = sourcecode.cpp.cpp; path = FrameworkErrors.cpp; sourceTree = "<group>"; };
		3382DA021A83966100A3702F /* MWObject.cpp */ = {isa = PBXFileReference; fileEncoding = 4; lastKnownFileType = sourcecode.cpp.cpp; path = MWObject.cpp; sourceTree = "<group>"; };
		3382DA031A83966100A3702F /* MWObject.h */ = {isa = PBXFileReference; fileEncoding = 4; lastKnownFileType = sourcecode.c.h; path = MWObject.h; sourceTree = "<group>"; };
		3382DA061A8398D000A3702F /* ISerializable.h */ = {isa = PBXFileReference; fileEncoding = 4; lastKnownFileType = sourcecode.c.h; path = ISerializable.h; sourceTree = "<group>"; };
		33A37BF11A91D3D30042CA97 /* sqlite3.c */ = {isa = PBXFileReference; fileEncoding = 4; lastKnownFileType = sourcecode.c.c; path = sqlite3.c; sourceTree = "<group>"; };
		33A37BF21A91D3D30042CA97 /* sqlite3.h */ = {isa = PBXFileReference; fileEncoding = 4; lastKnownFileType = sourcecode.c.h; path = sqlite3.h; sourceTree = "<group>"; };
		33A37BF31A91D3D30042CA97 /* sqlite3ext.h */ = {isa = PBXFileReference; fileEncoding = 4; lastKnownFileType = sourcecode.c.h; path = sqlite3ext.h; sourceTree = "<group>"; };
		33A37BF41A91D3D30042CA97 /* MWSqliteDb.cpp */ = {isa = PBXFileReference; fileEncoding = 4; lastKnownFileType = sourcecode.cpp.cpp; path = MWSqliteDb.cpp; sourceTree = "<group>"; };
		33A37BF51A91D3D30042CA97 /* MWSqliteDb.h */ = {isa = PBXFileReference; fileEncoding = 4; lastKnownFileType = sourcecode.c.h; path = MWSqliteDb.h; sourceTree = "<group>"; };
		33A37BF81A91D4B50042CA97 /* IDbBase.h */ = {isa = PBXFileReference; fileEncoding = 4; lastKnownFileType = sourcecode.c.h; path = IDbBase.h; sourceTree = "<group>"; };
		33B78CB71A790DF9003FC84B /* MWDictionary.cpp */ = {isa = PBXFileReference; fileEncoding = 4; lastKnownFileType = sourcecode.cpp.cpp; path = MWDictionary.cpp; sourceTree = "<group>"; };
		33B78CB81A790DF9003FC84B /* MWDictionary.h */ = {isa = PBXFileReference; fileEncoding = 4; lastKnownFileType = sourcecode.c.h; path = MWDictionary.h; sourceTree = "<group>"; };
		33B78CBF1A7A3A7A003FC84B /* MWException.cpp */ = {isa = PBXFileReference; fileEncoding = 4; lastKnownFileType = sourcecode.cpp.cpp; path = MWException.cpp; sourceTree = "<group>"; };
		33B78CC01A7A3A7A003FC84B /* MWException.h */ = {isa = PBXFileReference; fileEncoding = 4; lastKnownFileType = sourcecode.c.h; path = MWException.h; sourceTree = "<group>"; };
		33B78CC21A7A4DF7003FC84B /* FrameworkErrors.h */ = {isa = PBXFileReference; fileEncoding = 4; lastKnownFileType = sourcecode.c.h; path = FrameworkErrors.h; sourceTree = "<group>"; };
		33BC56341A7B31B300EBCA2A /* ICloneable.h */ = {isa = PBXFileReference; fileEncoding = 4; lastKnownFileType = sourcecode.c.h; path = ICloneable.h; sourceTree = "<group>"; };
		33BC56351A7B933000EBCA2A /* MWQueue.cpp */ = {isa = PBXFileReference; fileEncoding = 4; lastKnownFileType = sourcecode.cpp.cpp; path = MWQueue.cpp; sourceTree = "<group>"; };
		33BC56361A7B933000EBCA2A /* MWQueue.h */ = {isa = PBXFileReference; fileEncoding = 4; lastKnownFileType = sourcecode.c.h; path = MWQueue.h; sourceTree = "<group>"; };
		33BC56381A7B99D400EBCA2A /* MWStack.cpp */ = {isa = PBXFileReference; fileEncoding = 4; lastKnownFileType = sourcecode.cpp.cpp; path = MWStack.cpp; sourceTree = "<group>"; };
		33BC56391A7B99D400EBCA2A /* MWStack.h */ = {isa = PBXFileReference; fileEncoding = 4; lastKnownFileType = sourcecode.c.h; path = MWStack.h; sourceTree = "<group>"; };
		33BC563D1A7BA39B00EBCA2A /* MWGameView.cpp */ = {isa = PBXFileReference; fileEncoding = 4; lastKnownFileType = sourcecode.cpp.cpp; path = MWGameView.cpp; sourceTree = "<group>"; };
		33BC563E1A7BA39B00EBCA2A /* MWGameView.h */ = {isa = PBXFileReference; fileEncoding = 4; lastKnownFileType = sourcecode.c.h; path = MWGameView.h; sourceTree = "<group>"; };
		33C73FF01A7F1A190057DA34 /* mwbase.h */ = {isa = PBXFileReference; fileEncoding = 4; lastKnownFileType = sourcecode.c.h; path = mwbase.h; sourceTree = "<group>"; };
		33C73FF21A7F1BED0057DA34 /* MWLuaUtils.cpp */ = {isa = PBXFileReference; fileEncoding = 4; lastKnownFileType = sourcecode.cpp.cpp; path = MWLuaUtils.cpp; sourceTree = "<group>"; };
		33C73FF31A7F1BED0057DA34 /* MWLuaUtils.h */ = {isa = PBXFileReference; fileEncoding = 4; lastKnownFileType = sourcecode.c.h; path = MWLuaUtils.h; sourceTree = "<group>"; };
		5023810717EBBCAC00990C9B /* AppController.h */ = {isa = PBXFileReference; fileEncoding = 4; lastKnownFileType = sourcecode.c.h; path = AppController.h; sourceTree = "<group>"; };
		5023810817EBBCAC00990C9B /* AppController.mm */ = {isa = PBXFileReference; fileEncoding = 4; lastKnownFileType = sourcecode.cpp.objcpp; path = AppController.mm; sourceTree = "<group>"; };
		5023810917EBBCAC00990C9B /* Default-568h@2x.png */ = {isa = PBXFileReference; lastKnownFileType = image.png; path = "Default-568h@2x.png"; sourceTree = "<group>"; };
		5023810A17EBBCAC00990C9B /* Default.png */ = {isa = PBXFileReference; lastKnownFileType = image.png; path = Default.png; sourceTree = "<group>"; };
		5023810B17EBBCAC00990C9B /* Default@2x.png */ = {isa = PBXFileReference; lastKnownFileType = image.png; path = "Default@2x.png"; sourceTree = "<group>"; };
		5023810C17EBBCAC00990C9B /* Icon-114.png */ = {isa = PBXFileReference; lastKnownFileType = image.png; path = "Icon-114.png"; sourceTree = "<group>"; };
		5023810D17EBBCAC00990C9B /* Icon-120.png */ = {isa = PBXFileReference; lastKnownFileType = image.png; path = "Icon-120.png"; sourceTree = "<group>"; };
		5023810E17EBBCAC00990C9B /* Icon-144.png */ = {isa = PBXFileReference; lastKnownFileType = image.png; path = "Icon-144.png"; sourceTree = "<group>"; };
		5023810F17EBBCAC00990C9B /* Icon-152.png */ = {isa = PBXFileReference; lastKnownFileType = image.png; path = "Icon-152.png"; sourceTree = "<group>"; };
		5023811017EBBCAC00990C9B /* Icon-57.png */ = {isa = PBXFileReference; lastKnownFileType = image.png; path = "Icon-57.png"; sourceTree = "<group>"; };
		5023811117EBBCAC00990C9B /* Icon-72.png */ = {isa = PBXFileReference; lastKnownFileType = image.png; path = "Icon-72.png"; sourceTree = "<group>"; };
		5023811217EBBCAC00990C9B /* Icon-76.png */ = {isa = PBXFileReference; lastKnownFileType = image.png; path = "Icon-76.png"; sourceTree = "<group>"; };
		5023811317EBBCAC00990C9B /* Info.plist */ = {isa = PBXFileReference; fileEncoding = 4; lastKnownFileType = text.plist.xml; path = Info.plist; sourceTree = "<group>"; };
		5023811417EBBCAC00990C9B /* main.m */ = {isa = PBXFileReference; fileEncoding = 4; lastKnownFileType = sourcecode.c.objc; path = main.m; sourceTree = "<group>"; };
		5023811517EBBCAC00990C9B /* Prefix.pch */ = {isa = PBXFileReference; fileEncoding = 4; lastKnownFileType = sourcecode.c.h; path = Prefix.pch; sourceTree = "<group>"; };
		5023811617EBBCAC00990C9B /* RootViewController.h */ = {isa = PBXFileReference; fileEncoding = 4; lastKnownFileType = sourcecode.c.h; path = RootViewController.h; sourceTree = "<group>"; };
		5023811717EBBCAC00990C9B /* RootViewController.mm */ = {isa = PBXFileReference; fileEncoding = 4; lastKnownFileType = sourcecode.cpp.objcpp; path = RootViewController.mm; sourceTree = "<group>"; };
		5023816B17EBBCE400990C9B /* GameFramework Mac.app */ = {isa = PBXFileReference; explicitFileType = wrapper.application; includeInIndex = 0; path = "GameFramework Mac.app"; sourceTree = BUILT_PRODUCTS_DIR; };
		5023817217EBBE3400990C9B /* Icon.icns */ = {isa = PBXFileReference; lastKnownFileType = image.icns; path = Icon.icns; sourceTree = "<group>"; };
		5023817317EBBE3400990C9B /* Info.plist */ = {isa = PBXFileReference; fileEncoding = 4; lastKnownFileType = text.plist.xml; path = Info.plist; sourceTree = "<group>"; };
		5023817517EBBE3400990C9B /* Prefix.pch */ = {isa = PBXFileReference; fileEncoding = 4; lastKnownFileType = sourcecode.c.h; path = Prefix.pch; sourceTree = "<group>"; };
		5023817917EBBE8300990C9B /* OpenGLES.framework */ = {isa = PBXFileReference; lastKnownFileType = wrapper.framework; name = OpenGLES.framework; path = Platforms/iPhoneOS.platform/Developer/SDKs/iPhoneOS7.0.sdk/System/Library/Frameworks/OpenGLES.framework; sourceTree = DEVELOPER_DIR; };
		50805AAE17EBBEAA004CFAD3 /* UIKit.framework */ = {isa = PBXFileReference; lastKnownFileType = wrapper.framework; name = UIKit.framework; path = Platforms/iPhoneOS.platform/Developer/SDKs/iPhoneOS7.0.sdk/System/Library/Frameworks/UIKit.framework; sourceTree = DEVELOPER_DIR; };
		5091733017ECE17A00D62437 /* Icon-29.png */ = {isa = PBXFileReference; lastKnownFileType = image.png; path = "Icon-29.png"; sourceTree = "<group>"; };
		5091733117ECE17A00D62437 /* Icon-40.png */ = {isa = PBXFileReference; lastKnownFileType = image.png; path = "Icon-40.png"; sourceTree = "<group>"; };
		5091733217ECE17A00D62437 /* Icon-50.png */ = {isa = PBXFileReference; lastKnownFileType = image.png; path = "Icon-50.png"; sourceTree = "<group>"; };
		5091733317ECE17A00D62437 /* Icon-58.png */ = {isa = PBXFileReference; lastKnownFileType = image.png; path = "Icon-58.png"; sourceTree = "<group>"; };
		5091733417ECE17A00D62437 /* Icon-80.png */ = {isa = PBXFileReference; lastKnownFileType = image.png; path = "Icon-80.png"; sourceTree = "<group>"; };
		5091733517ECE17A00D62437 /* Icon-100.png */ = {isa = PBXFileReference; lastKnownFileType = image.png; path = "Icon-100.png"; sourceTree = "<group>"; };
		50D7C96B17EBBEDF005D0B91 /* OpenGL.framework */ = {isa = PBXFileReference; lastKnownFileType = wrapper.framework; name = OpenGL.framework; path = System/Library/Frameworks/OpenGL.framework; sourceTree = SDKROOT; };
		50D7C96D17EBBEE6005D0B91 /* AppKit.framework */ = {isa = PBXFileReference; lastKnownFileType = wrapper.framework; name = AppKit.framework; path = System/Library/Frameworks/AppKit.framework; sourceTree = SDKROOT; };
		50D7C96F17EBBEEC005D0B91 /* IOKit.framework */ = {isa = PBXFileReference; lastKnownFileType = wrapper.framework; name = IOKit.framework; path = System/Library/Frameworks/IOKit.framework; sourceTree = SDKROOT; };
		521A8E6819F0C3AC00D177D7 /* Default-667h@2x.png */ = {isa = PBXFileReference; lastKnownFileType = image.png; path = "Default-667h@2x.png"; sourceTree = "<group>"; };
		521A8E6919F0C3AC00D177D7 /* Default-736h@3x.png */ = {isa = PBXFileReference; lastKnownFileType = image.png; path = "Default-736h@3x.png"; sourceTree = "<group>"; };
		78C7387E1A77EF9B0028FC3A /* MWGameScene.cpp */ = {isa = PBXFileReference; fileEncoding = 4; lastKnownFileType = sourcecode.cpp.cpp; path = MWGameScene.cpp; sourceTree = "<group>"; };
		78C7387F1A77EF9B0028FC3A /* MWGameScene.h */ = {isa = PBXFileReference; fileEncoding = 4; lastKnownFileType = sourcecode.c.h; path = MWGameScene.h; sourceTree = "<group>"; };
		78C738811A77F0B70028FC3A /* mwframework.h */ = {isa = PBXFileReference; fileEncoding = 4; lastKnownFileType = sourcecode.c.h; path = mwframework.h; sourceTree = "<group>"; };
		78C738841A77F4100028FC3A /* MWViewController.cpp */ = {isa = PBXFileReference; fileEncoding = 4; lastKnownFileType = sourcecode.cpp.cpp; path = MWViewController.cpp; sourceTree = "<group>"; };
		78C738851A77F4100028FC3A /* MWViewController.h */ = {isa = PBXFileReference; fileEncoding = 4; lastKnownFileType = sourcecode.c.h; path = MWViewController.h; sourceTree = "<group>"; };
		78C738871A77F7440028FC3A /* MWBinaryData.cpp */ = {isa = PBXFileReference; fileEncoding = 4; lastKnownFileType = sourcecode.cpp.cpp; path = MWBinaryData.cpp; sourceTree = "<group>"; };
		78C738881A77F7440028FC3A /* MWBinaryData.h */ = {isa = PBXFileReference; fileEncoding = 4; lastKnownFileType = sourcecode.c.h; path = MWBinaryData.h; sourceTree = "<group>"; };
		78C738891A77F7440028FC3A /* FrameworkMacros.h */ = {isa = PBXFileReference; fileEncoding = 4; lastKnownFileType = sourcecode.c.h; path = FrameworkMacros.h; sourceTree = "<group>"; };
		78C738921A77F7440028FC3A /* IUncopyable.h */ = {isa = PBXFileReference; fileEncoding = 4; lastKnownFileType = sourcecode.c.h; path = IUncopyable.h; sourceTree = "<group>"; };
		78C738931A77F7440028FC3A /* IUninheritable.h */ = {isa = PBXFileReference; fileEncoding = 4; lastKnownFileType = sourcecode.c.h; path = IUninheritable.h; sourceTree = "<group>"; };
		C03781AE18BF654500FE4F13 /* cocos2d_lua_bindings.xcodeproj */ = {isa = PBXFileReference; lastKnownFileType = "wrapper.pb-project"; name = cocos2d_lua_bindings.xcodeproj; path = "../../cocos2d-x/cocos/scripting/lua-bindings/proj.ios_mac/cocos2d_lua_bindings.xcodeproj"; sourceTree = "<group>"; };
		C03781B718BF655400FE4F13 /* res */ = {isa = PBXFileReference; lastKnownFileType = folder; name = res; path = ../../../res; sourceTree = "<group>"; };
		C03781B818BF655400FE4F13 /* src */ = {isa = PBXFileReference; lastKnownFileType = folder; name = src; path = ../../../src; sourceTree = "<group>"; };
		C06E23C318CEF9740093C81A /* main.cpp */ = {isa = PBXFileReference; fileEncoding = 4; lastKnownFileType = sourcecode.cpp.cpp; path = main.cpp; sourceTree = "<group>"; };
		D6B061341803AC000077942B /* CoreMotion.framework */ = {isa = PBXFileReference; lastKnownFileType = wrapper.framework; name = CoreMotion.framework; path = Platforms/iPhoneOS.platform/Developer/SDKs/iPhoneOS7.0.sdk/System/Library/Frameworks/CoreMotion.framework; sourceTree = DEVELOPER_DIR; };
		F293B3C815EB7BE500256477 /* GameFramework iOS.app */ = {isa = PBXFileReference; explicitFileType = wrapper.application; includeInIndex = 0; path = "GameFramework iOS.app"; sourceTree = BUILT_PRODUCTS_DIR; };
		F293B3CC15EB7BE500256477 /* QuartzCore.framework */ = {isa = PBXFileReference; lastKnownFileType = wrapper.framework; name = QuartzCore.framework; path = System/Library/Frameworks/QuartzCore.framework; sourceTree = SDKROOT; };
		F293B3CE15EB7BE500256477 /* OpenGLES.framework */ = {isa = PBXFileReference; lastKnownFileType = wrapper.framework; name = OpenGLES.framework; path = System/Library/Frameworks/OpenGLES.framework; sourceTree = SDKROOT; };
		F293B3D015EB7BE500256477 /* OpenAL.framework */ = {isa = PBXFileReference; lastKnownFileType = wrapper.framework; name = OpenAL.framework; path = System/Library/Frameworks/OpenAL.framework; sourceTree = SDKROOT; };
		F293B3D215EB7BE500256477 /* AudioToolbox.framework */ = {isa = PBXFileReference; lastKnownFileType = wrapper.framework; name = AudioToolbox.framework; path = System/Library/Frameworks/AudioToolbox.framework; sourceTree = SDKROOT; };
		F293B3D415EB7BE500256477 /* AVFoundation.framework */ = {isa = PBXFileReference; lastKnownFileType = wrapper.framework; name = AVFoundation.framework; path = System/Library/Frameworks/AVFoundation.framework; sourceTree = SDKROOT; };
		F293B3D615EB7BE500256477 /* UIKit.framework */ = {isa = PBXFileReference; lastKnownFileType = wrapper.framework; name = UIKit.framework; path = System/Library/Frameworks/UIKit.framework; sourceTree = SDKROOT; };
		F293B3D815EB7BE500256477 /* Foundation.framework */ = {isa = PBXFileReference; lastKnownFileType = wrapper.framework; name = Foundation.framework; path = System/Library/Frameworks/Foundation.framework; sourceTree = SDKROOT; };
		F293B3DA15EB7BE500256477 /* CoreGraphics.framework */ = {isa = PBXFileReference; lastKnownFileType = wrapper.framework; name = CoreGraphics.framework; path = System/Library/Frameworks/CoreGraphics.framework; sourceTree = SDKROOT; };
		F293BB7E15EB831F00256477 /* AppDelegate.cpp */ = {isa = PBXFileReference; fileEncoding = 4; lastKnownFileType = sourcecode.cpp.cpp; name = AppDelegate.cpp; path = ../Classes/AppDelegate.cpp; sourceTree = "<group>"; };
		F293BB7F15EB831F00256477 /* AppDelegate.h */ = {isa = PBXFileReference; fileEncoding = 4; lastKnownFileType = sourcecode.c.h; name = AppDelegate.h; path = ../Classes/AppDelegate.h; sourceTree = "<group>"; };
		F535359B1AB448FD00EF7298 /* MWNetRequest.cpp */ = {isa = PBXFileReference; fileEncoding = 4; lastKnownFileType = sourcecode.cpp.cpp; name = MWNetRequest.cpp; path = net/MWNetRequest.cpp; sourceTree = "<group>"; };
		F535359C1AB448FD00EF7298 /* MWNetRequest.h */ = {isa = PBXFileReference; fileEncoding = 4; lastKnownFileType = sourcecode.c.h; name = MWNetRequest.h; path = net/MWNetRequest.h; sourceTree = "<group>"; };
		F53535A01AB44F1600EF7298 /* MWNetResponse.cpp */ = {isa = PBXFileReference; fileEncoding = 4; lastKnownFileType = sourcecode.cpp.cpp; name = MWNetResponse.cpp; path = net/MWNetResponse.cpp; sourceTree = "<group>"; };
		F53535A11AB44F1600EF7298 /* MWNetResponse.h */ = {isa = PBXFileReference; fileEncoding = 4; lastKnownFileType = sourcecode.c.h; name = MWNetResponse.h; path = net/MWNetResponse.h; sourceTree = "<group>"; };
		F53535A31AB4512D00EF7298 /* MWNetProtocol.cpp */ = {isa = PBXFileReference; fileEncoding = 4; lastKnownFileType = sourcecode.cpp.cpp; name = MWNetProtocol.cpp; path = net/MWNetProtocol.cpp; sourceTree = "<group>"; };
		F53535A41AB4512D00EF7298 /* MWNetProtocol.h */ = {isa = PBXFileReference; fileEncoding = 4; lastKnownFileType = sourcecode.c.h; name = MWNetProtocol.h; path = net/MWNetProtocol.h; sourceTree = "<group>"; };
		F53535A71AB452B200EF7298 /* MWNetHandler.h */ = {isa = PBXFileReference; fileEncoding = 4; lastKnownFileType = sourcecode.c.h; name = MWNetHandler.h; path = net/MWNetHandler.h; sourceTree = "<group>"; };
		F53535AB1AB455AE00EF7298 /* MWNetCenter.cpp */ = {isa = PBXFileReference; fileEncoding = 4; lastKnownFileType = sourcecode.cpp.cpp; name = MWNetCenter.cpp; path = net/MWNetCenter.cpp; sourceTree = "<group>"; };
		F53535AC1AB455AE00EF7298 /* MWNetCenter.h */ = {isa = PBXFileReference; fileEncoding = 4; lastKnownFileType = sourcecode.c.h; name = MWNetCenter.h; path = net/MWNetCenter.h; sourceTree = "<group>"; };
		F53535AF1AB4569A00EF7298 /* MWNetHandler.cpp */ = {isa = PBXFileReference; fileEncoding = 4; lastKnownFileType = sourcecode.cpp.cpp; name = MWNetHandler.cpp; path = net/MWNetHandler.cpp; sourceTree = "<group>"; };
		F53535B31AB45A4100EF7298 /* MWNetFilter.cpp */ = {isa = PBXFileReference; fileEncoding = 4; lastKnownFileType = sourcecode.cpp.cpp; name = MWNetFilter.cpp; path = net/MWNetFilter.cpp; sourceTree = "<group>"; };
		F53535B41AB45A4100EF7298 /* MWNetFilter.h */ = {isa = PBXFileReference; fileEncoding = 4; lastKnownFileType = sourcecode.c.h; name = MWNetFilter.h; path = net/MWNetFilter.h; sourceTree = "<group>"; };
		F5629EB61AEC202A00CC4F1F /* MWZipData.cpp */ = {isa = PBXFileReference; fileEncoding = 4; lastKnownFileType = sourcecode.cpp.cpp; path = MWZipData.cpp; sourceTree = "<group>"; };
		F5629EB71AEC202A00CC4F1F /* MWZipData.h */ = {isa = PBXFileReference; fileEncoding = 4; lastKnownFileType = sourcecode.c.h; path = MWZipData.h; sourceTree = "<group>"; };
		F5629EBB1AEC20F000CC4F1F /* crypt.h */ = {isa = PBXFileReference; fileEncoding = 4; lastKnownFileType = sourcecode.c.h; path = crypt.h; sourceTree = "<group>"; };
		F5629EBC1AEC20F000CC4F1F /* ioapi.c */ = {isa = PBXFileReference; fileEncoding = 4; lastKnownFileType = sourcecode.c.c; path = ioapi.c; sourceTree = "<group>"; };
		F5629EBD1AEC20F000CC4F1F /* ioapi.h */ = {isa = PBXFileReference; fileEncoding = 4; lastKnownFileType = sourcecode.c.h; path = ioapi.h; sourceTree = "<group>"; };
		F5629EBE1AEC20F000CC4F1F /* mztools.c */ = {isa = PBXFileReference; fileEncoding = 4; lastKnownFileType = sourcecode.c.c; path = mztools.c; sourceTree = "<group>"; };
		F5629EBF1AEC20F000CC4F1F /* mztools.h */ = {isa = PBXFileReference; fileEncoding = 4; lastKnownFileType = sourcecode.c.h; path = mztools.h; sourceTree = "<group>"; };
		F5629EC01AEC20F000CC4F1F /* unzip.c */ = {isa = PBXFileReference; fileEncoding = 4; lastKnownFileType = sourcecode.c.c; path = unzip.c; sourceTree = "<group>"; };
		F5629EC11AEC20F000CC4F1F /* unzip.h */ = {isa = PBXFileReference; fileEncoding = 4; lastKnownFileType = sourcecode.c.h; path = unzip.h; sourceTree = "<group>"; };
		F5629EC21AEC20F000CC4F1F /* zip.c */ = {isa = PBXFileReference; fileEncoding = 4; lastKnownFileType = sourcecode.c.c; path = zip.c; sourceTree = "<group>"; };
		F5629EC31AEC20F000CC4F1F /* zip.h */ = {isa = PBXFileReference; fileEncoding = 4; lastKnownFileType = sourcecode.c.h; path = zip.h; sourceTree = "<group>"; };
		F5714FD91AB9D77B00AF3A51 /* MWHttpDownloader.cpp */ = {isa = PBXFileReference; fileEncoding = 4; lastKnownFileType = sourcecode.cpp.cpp; path = MWHttpDownloader.cpp; sourceTree = "<group>"; };
		F5714FDA1AB9D77B00AF3A51 /* MWHttpDownloader.h */ = {isa = PBXFileReference; fileEncoding = 4; lastKnownFileType = sourcecode.c.h; path = MWHttpDownloader.h; sourceTree = "<group>"; };
		F5714FDB1AB9D77B00AF3A51 /* MWHttpForm.cpp */ = {isa = PBXFileReference; fileEncoding = 4; lastKnownFileType = sourcecode.cpp.cpp; path = MWHttpForm.cpp; sourceTree = "<group>"; };
		F5714FDC1AB9D77B00AF3A51 /* MWHttpForm.h */ = {isa = PBXFileReference; fileEncoding = 4; lastKnownFileType = sourcecode.c.h; path = MWHttpForm.h; sourceTree = "<group>"; };
		F5714FDD1AB9D77B00AF3A51 /* MWHttpGetService.cpp */ = {isa = PBXFileReference; fileEncoding = 4; lastKnownFileType = sourcecode.cpp.cpp; path = MWHttpGetService.cpp; sourceTree = "<group>"; };
		F5714FDE1AB9D77B00AF3A51 /* MWHttpGetService.h */ = {isa = PBXFileReference; fileEncoding = 4; lastKnownFileType = sourcecode.c.h; path = MWHttpGetService.h; sourceTree = "<group>"; };
		F5714FDF1AB9D77B00AF3A51 /* MWHttpTransferStrategy.h */ = {isa = PBXFileReference; fileEncoding = 4; lastKnownFileType = sourcecode.c.h; path = MWHttpTransferStrategy.h; sourceTree = "<group>"; };
		F5714FF31AB9E47A00AF3A51 /* curl.h */ = {isa = PBXFileReference; fileEncoding = 4; lastKnownFileType = sourcecode.c.h; path = curl.h; sourceTree = "<group>"; };
		F5714FF41AB9E47A00AF3A51 /* curlbuild.h */ = {isa = PBXFileReference; fileEncoding = 4; lastKnownFileType = sourcecode.c.h; path = curlbuild.h; sourceTree = "<group>"; };
		F5714FF51AB9E47A00AF3A51 /* curlrules.h */ = {isa = PBXFileReference; fileEncoding = 4; lastKnownFileType = sourcecode.c.h; path = curlrules.h; sourceTree = "<group>"; };
		F5714FF61AB9E47A00AF3A51 /* curlver.h */ = {isa = PBXFileReference; fileEncoding = 4; lastKnownFileType = sourcecode.c.h; path = curlver.h; sourceTree = "<group>"; };
		F5714FF71AB9E47A00AF3A51 /* easy.h */ = {isa = PBXFileReference; fileEncoding = 4; lastKnownFileType = sourcecode.c.h; path = easy.h; sourceTree = "<group>"; };
		F5714FF81AB9E47A00AF3A51 /* mprintf.h */ = {isa = PBXFileReference; fileEncoding = 4; lastKnownFileType = sourcecode.c.h; path = mprintf.h; sourceTree = "<group>"; };
		F5714FF91AB9E47A00AF3A51 /* multi.h */ = {isa = PBXFileReference; fileEncoding = 4; lastKnownFileType = sourcecode.c.h; path = multi.h; sourceTree = "<group>"; };
		F5714FFA1AB9E47A00AF3A51 /* stdcheaders.h */ = {isa = PBXFileReference; fileEncoding = 4; lastKnownFileType = sourcecode.c.h; path = stdcheaders.h; sourceTree = "<group>"; };
		F5714FFB1AB9E47A00AF3A51 /* typecheck-gcc.h */ = {isa = PBXFileReference; fileEncoding = 4; lastKnownFileType = sourcecode.c.h; path = "typecheck-gcc.h"; sourceTree = "<group>"; };
		F57150921AB9E4B900AF3A51 /* libcurl.a */ = {isa = PBXFileReference; lastKnownFileType = archive.ar; name = libcurl.a; path = ../Framework/net/http/curl/prebuilt/ios/libcurl.a; sourceTree = "<group>"; };
		F59B05F41AB367EF001204D1 /* MWNetService.h */ = {isa = PBXFileReference; lastKnownFileType = sourcecode.c.h; name = MWNetService.h; path = net/MWNetService.h; sourceTree = "<group>"; };
		F5C9F9251AD7B5B6008FAF9A /* MWSystemHelper.cpp */ = {isa = PBXFileReference; fileEncoding = 4; lastKnownFileType = sourcecode.cpp.cpp; path = MWSystemHelper.cpp; sourceTree = "<group>"; };
		F5C9F9261AD7B5B6008FAF9A /* MWSystemHelper.h */ = {isa = PBXFileReference; fileEncoding = 4; lastKnownFileType = sourcecode.c.h; path = MWSystemHelper.h; sourceTree = "<group>"; };
		F5C9F9291AD7B7F4008FAF9A /* MWSystemHelperStrategy.h */ = {isa = PBXFileReference; lastKnownFileType = sourcecode.c.h; path = MWSystemHelperStrategy.h; sourceTree = "<group>"; };
		F5C9F92A1AD7B99A008FAF9A /* MWSystemHelperStrategyIOS.h */ = {isa = PBXFileReference; fileEncoding = 4; lastKnownFileType = sourcecode.c.h; path = MWSystemHelperStrategyIOS.h; sourceTree = "<group>"; };
		F5C9F92B1AD7B99A008FAF9A /* MWSystemHelperStrategyIOS.mm */ = {isa = PBXFileReference; fileEncoding = 4; lastKnownFileType = sourcecode.cpp.objcpp; path = MWSystemHelperStrategyIOS.mm; sourceTree = "<group>"; };
		F5CF4A401ADB6DA900D0AF87 /* MWViewSegue.cpp */ = {isa = PBXFileReference; fileEncoding = 4; lastKnownFileType = sourcecode.cpp.cpp; path = MWViewSegue.cpp; sourceTree = "<group>"; };
		F5CF4A411ADB6DA900D0AF87 /* MWViewSegue.h */ = {isa = PBXFileReference; fileEncoding = 4; lastKnownFileType = sourcecode.c.h; path = MWViewSegue.h; sourceTree = "<group>"; };
		F5CF4A461ADBEC8700D0AF87 /* MWIOUtils.h */ = {isa = PBXFileReference; fileEncoding = 4; lastKnownFileType = sourcecode.c.h; path = MWIOUtils.h; sourceTree = "<group>"; };
		F5CF4A481ADBEDC000D0AF87 /* MWIOUtilsImpIOS.cpp */ = {isa = PBXFileReference; fileEncoding = 4; lastKnownFileType = sourcecode.cpp.cpp; path = MWIOUtilsImpIOS.cpp; sourceTree = "<group>"; };
		F5CF4A4A1ADBF3BC00D0AF87 /* MWUUIDGenerator.cpp */ = {isa = PBXFileReference; fileEncoding = 4; lastKnownFileType = sourcecode.cpp.cpp; path = MWUUIDGenerator.cpp; sourceTree = "<group>"; };
		F5CF4A4B1ADBF3BC00D0AF87 /* MWUUIDGenerator.h */ = {isa = PBXFileReference; fileEncoding = 4; lastKnownFileType = sourcecode.c.h; path = MWUUIDGenerator.h; sourceTree = "<group>"; };
		F5CF4A4F1ADCE52C00D0AF87 /* MWHttpPostService.cpp */ = {isa = PBXFileReference; fileEncoding = 4; lastKnownFileType = sourcecode.cpp.cpp; path = MWHttpPostService.cpp; sourceTree = "<group>"; };
		F5CF4A501ADCE52C00D0AF87 /* MWHttpPostService.h */ = {isa = PBXFileReference; fileEncoding = 4; lastKnownFileType = sourcecode.c.h; path = MWHttpPostService.h; sourceTree = "<group>"; };
		F5CF4A551ADCE8CD00D0AF87 /* dgif_lib.c */ = {isa = PBXFileReference; fileEncoding = 4; lastKnownFileType = sourcecode.c.c; path = dgif_lib.c; sourceTree = "<group>"; };
		F5CF4A561ADCE8CD00D0AF87 /* egif_lib.c */ = {isa = PBXFileReference; fileEncoding = 4; lastKnownFileType = sourcecode.c.c; path = egif_lib.c; sourceTree = "<group>"; };
		F5CF4A571ADCE8CD00D0AF87 /* gif_err.c */ = {isa = PBXFileReference; fileEncoding = 4; lastKnownFileType = sourcecode.c.c; path = gif_err.c; sourceTree = "<group>"; };
		F5CF4A581ADCE8CD00D0AF87 /* gif_font.c */ = {isa = PBXFileReference; fileEncoding = 4; lastKnownFileType = sourcecode.c.c; path = gif_font.c; sourceTree = "<group>"; };
		F5CF4A591ADCE8CD00D0AF87 /* gif_hash.c */ = {isa = PBXFileReference; fileEncoding = 4; lastKnownFileType = sourcecode.c.c; path = gif_hash.c; sourceTree = "<group>"; };
		F5CF4A5A1ADCE8CD00D0AF87 /* gif_hash.h */ = {isa = PBXFileReference; fileEncoding = 4; lastKnownFileType = sourcecode.c.h; path = gif_hash.h; sourceTree = "<group>"; };
		F5CF4A5B1ADCE8CD00D0AF87 /* gif_lib.h */ = {isa = PBXFileReference; fileEncoding = 4; lastKnownFileType = sourcecode.c.h; path = gif_lib.h; sourceTree = "<group>"; };
		F5CF4A5C1ADCE8CD00D0AF87 /* gif_lib_private.h */ = {isa = PBXFileReference; fileEncoding = 4; lastKnownFileType = sourcecode.c.h; path = gif_lib_private.h; sourceTree = "<group>"; };
		F5CF4A5D1ADCE8CD00D0AF87 /* gifalloc.c */ = {isa = PBXFileReference; fileEncoding = 4; lastKnownFileType = sourcecode.c.c; path = gifalloc.c; sourceTree = "<group>"; };
		F5CF4A5E1ADCE8CD00D0AF87 /* quantize.c */ = {isa = PBXFileReference; fileEncoding = 4; lastKnownFileType = sourcecode.c.c; path = quantize.c; sourceTree = "<group>"; };
		F5CF4A661ADCE9EA00D0AF87 /* MWGifFrame.cpp */ = {isa = PBXFileReference; fileEncoding = 4; lastKnownFileType = sourcecode.cpp.cpp; path = MWGifFrame.cpp; sourceTree = "<group>"; };
		F5CF4A671ADCE9EA00D0AF87 /* MWGifFrame.h */ = {isa = PBXFileReference; fileEncoding = 4; lastKnownFileType = sourcecode.c.h; path = MWGifFrame.h; sourceTree = "<group>"; };
		F5CF4A6B1ADCF1EC00D0AF87 /* MWGifSprite.cpp */ = {isa = PBXFileReference; fileEncoding = 4; lastKnownFileType = sourcecode.cpp.cpp; path = MWGifSprite.cpp; sourceTree = "<group>"; };
		F5CF4A6C1ADCF1EC00D0AF87 /* MWGifSprite.h */ = {isa = PBXFileReference; fileEncoding = 4; lastKnownFileType = sourcecode.c.h; path = MWGifSprite.h; sourceTree = "<group>"; };
/* End PBXFileReference section */

/* Begin PBXFrameworksBuildPhase section */
		5023813617EBBCE400990C9B /* Frameworks */ = {
			isa = PBXFrameworksBuildPhase;
			buildActionMask = 2147483647;
			files = (
				15427C79198F1FA200DC375D /* libluacocos2d Mac.a in Frameworks */,
				15427C78198F1F9900DC375D /* libcocos2d Mac.a in Frameworks */,
				15A8A4881834C90F00142BE0 /* libcurl.dylib in Frameworks */,
				50D7C97017EBBEEC005D0B91 /* IOKit.framework in Frameworks */,
				50D7C96E17EBBEE6005D0B91 /* AppKit.framework in Frameworks */,
				50D7C96C17EBBEDF005D0B91 /* OpenGL.framework in Frameworks */,
				5023813717EBBCE400990C9B /* libz.dylib in Frameworks */,
				5023813E17EBBCE400990C9B /* QuartzCore.framework in Frameworks */,
				5023814017EBBCE400990C9B /* OpenAL.framework in Frameworks */,
				5023814117EBBCE400990C9B /* AudioToolbox.framework in Frameworks */,
				5023814217EBBCE400990C9B /* AVFoundation.framework in Frameworks */,
				5023814417EBBCE400990C9B /* Foundation.framework in Frameworks */,
			);
			runOnlyForDeploymentPostprocessing = 0;
		};
		F293B3C515EB7BE500256477 /* Frameworks */ = {
			isa = PBXFrameworksBuildPhase;
			buildActionMask = 2147483647;
			files = (
				F57150931AB9E4B900AF3A51 /* libcurl.a in Frameworks */,
				15427C5B198F1E0100DC375D /* libluacocos2d iOS.a in Frameworks */,
				15427C5A198F1DF000DC375D /* libcocos2d iOS.a in Frameworks */,
				15AECE29195D482800907DB0 /* MediaPlayer.framework in Frameworks */,
				D6B061351803AC000077942B /* CoreMotion.framework in Frameworks */,
				1AF4C403178663F200122817 /* libz.dylib in Frameworks */,
				50805AAF17EBBEAA004CFAD3 /* UIKit.framework in Frameworks */,
				5023817A17EBBE8300990C9B /* OpenGLES.framework in Frameworks */,
				F293B3CD15EB7BE500256477 /* QuartzCore.framework in Frameworks */,
				F293B3D115EB7BE500256477 /* OpenAL.framework in Frameworks */,
				F293B3D315EB7BE500256477 /* AudioToolbox.framework in Frameworks */,
				F293B3D515EB7BE500256477 /* AVFoundation.framework in Frameworks */,
				F293B3D915EB7BE500256477 /* Foundation.framework in Frameworks */,
				F293B3DB15EB7BE500256477 /* CoreGraphics.framework in Frameworks */,
			);
			runOnlyForDeploymentPostprocessing = 0;
		};
/* End PBXFrameworksBuildPhase section */

/* Begin PBXGroup section */
		15A8A4041834BDA200142BE0 /* Products */ = {
			isa = PBXGroup;
			children = (
				15A8A4171834BDA200142BE0 /* libcocos2d Mac.a */,
				15A8A4251834BDA200142BE0 /* libcocos2d iOS.a */,
			);
			name = Products;
			sourceTree = "<group>";
		};
		33250D901A91E39A00D1668B /* json */ = {
			isa = PBXGroup;
			children = (
				33250D911A91E39A00D1668B /* MWJsonElement.cpp */,
				33250D921A91E39A00D1668B /* MWJsonElement.h */,
				33250D931A91E39A00D1668B /* MWJsonFormatter.cpp */,
				33250D941A91E39A00D1668B /* MWJsonFormatter.h */,
				33250D951A91E39A00D1668B /* MWJsonParser.cpp */,
				33250D961A91E39A00D1668B /* MWJsonParser.h */,
				33250D971A91E39A00D1668B /* MWJsonStructure.cpp */,
				33250D981A91E39A00D1668B /* MWJsonStructure.h */,
				33250D991A91E39A00D1668B /* libjson */,
			);
			path = json;
			sourceTree = "<group>";
		};
		33250D991A91E39A00D1668B /* libjson */ = {
			isa = PBXGroup;
			children = (
				33250D9A1A91E39A00D1668B /* Dependencies */,
				33250D9F1A91E39A00D1668B /* JSONOptions.h */,
				33250DA01A91E39A00D1668B /* libjson.h */,
				33250DA11A91E39A00D1668B /* Source */,
			);
			path = libjson;
			sourceTree = "<group>";
		};
		33250D9A1A91E39A00D1668B /* Dependencies */ = {
			isa = PBXGroup;
			children = (
				33250D9B1A91E39A00D1668B /* libbase64++ */,
				33250D9D1A91E39A00D1668B /* mempool++ */,
			);
			path = Dependencies;
			sourceTree = "<group>";
		};
		33250D9B1A91E39A00D1668B /* libbase64++ */ = {
			isa = PBXGroup;
			children = (
				33250D9C1A91E39A00D1668B /* libbase64++.h */,
			);
			path = "libbase64++";
			sourceTree = "<group>";
		};
		33250D9D1A91E39A00D1668B /* mempool++ */ = {
			isa = PBXGroup;
			children = (
				33250D9E1A91E39A00D1668B /* mempool.h */,
			);
			path = "mempool++";
			sourceTree = "<group>";
		};
		33250DA11A91E39A00D1668B /* Source */ = {
			isa = PBXGroup;
			children = (
				33250DA21A91E39A00D1668B /* internalJSONNode.cpp */,
				33250DA31A91E39A00D1668B /* internalJSONNode.h */,
				33250DA41A91E39A00D1668B /* JSON_Base64.h */,
				33250DA51A91E39A00D1668B /* JSONAllocator.cpp */,
				33250DA61A91E39A00D1668B /* JSONAllocator.h */,
				33250DA71A91E39A00D1668B /* JSONChildren.cpp */,
				33250DA81A91E39A00D1668B /* JSONChildren.h */,
				33250DA91A91E39A00D1668B /* JSONDebug.cpp */,
				33250DAA1A91E39A00D1668B /* JSONDebug.h */,
				33250DAB1A91E39A00D1668B /* JSONDefs */,
				33250DB01A91E39A00D1668B /* JSONDefs.h */,
				33250DB11A91E39A00D1668B /* JSONGlobals.h */,
				33250DB21A91E39A00D1668B /* JSONIterators.cpp */,
				33250DB31A91E39A00D1668B /* JSONMemory.cpp */,
				33250DB41A91E39A00D1668B /* JSONMemory.h */,
				33250DB51A91E39A00D1668B /* JSONMemoryPool.h */,
				33250DB61A91E39A00D1668B /* JSONNode.cpp */,
				33250DB71A91E39A00D1668B /* JSONNode.h */,
				33250DB81A91E39A00D1668B /* JSONNode_Mutex.cpp */,
				33250DB91A91E39A00D1668B /* JSONPreparse.cpp */,
				33250DBA1A91E39A00D1668B /* JSONPreparse.h */,
				33250DBB1A91E39A00D1668B /* JSONSharedString.h */,
				33250DBC1A91E39A00D1668B /* JSONSingleton.h */,
				33250DBD1A91E39A00D1668B /* JSONStats.h */,
				33250DBE1A91E39A00D1668B /* JSONStream.cpp */,
				33250DBF1A91E39A00D1668B /* JSONStream.h */,
				33250DC01A91E39A00D1668B /* JSONValidator.cpp */,
				33250DC11A91E39A00D1668B /* JSONValidator.h */,
				33250DC21A91E39A00D1668B /* JSONWorker.cpp */,
				33250DC31A91E39A00D1668B /* JSONWorker.h */,
				33250DC41A91E39A00D1668B /* JSONWriter.cpp */,
				33250DC51A91E39A00D1668B /* libjson.cpp */,
				33250DC61A91E39A00D1668B /* NumberToString.h */,
			);
			path = Source;
			sourceTree = "<group>";
		};
		33250DAB1A91E39A00D1668B /* JSONDefs */ = {
			isa = PBXGroup;
			children = (
				33250DAC1A91E39A00D1668B /* GNU_C.h */,
				33250DAD1A91E39A00D1668B /* Strings_Defs.h */,
				33250DAE1A91E39A00D1668B /* Unknown_C.h */,
				33250DAF1A91E39A00D1668B /* Visual_C.h */,
			);
			path = JSONDefs;
			sourceTree = "<group>";
		};
		3382DA051A83976000A3702F /* protocols */ = {
			isa = PBXGroup;
			children = (
				78C738921A77F7440028FC3A /* IUncopyable.h */,
				78C738931A77F7440028FC3A /* IUninheritable.h */,
				33BC56341A7B31B300EBCA2A /* ICloneable.h */,
				3382DA061A8398D000A3702F /* ISerializable.h */,
			);
			name = protocols;
			sourceTree = "<group>";
		};
		33A37BEE1A91D3D30042CA97 /* db */ = {
			isa = PBXGroup;
			children = (
				33A37BEF1A91D3D30042CA97 /* sqlite */,
				33A37BF81A91D4B50042CA97 /* IDbBase.h */,
			);
			path = db;
			sourceTree = "<group>";
		};
		33A37BEF1A91D3D30042CA97 /* sqlite */ = {
			isa = PBXGroup;
			children = (
				33A37BF01A91D3D30042CA97 /* libsqlite */,
				33A37BF41A91D3D30042CA97 /* MWSqliteDb.cpp */,
				33A37BF51A91D3D30042CA97 /* MWSqliteDb.h */,
			);
			path = sqlite;
			sourceTree = "<group>";
		};
		33A37BF01A91D3D30042CA97 /* libsqlite */ = {
			isa = PBXGroup;
			children = (
				33A37BF11A91D3D30042CA97 /* sqlite3.c */,
				33A37BF21A91D3D30042CA97 /* sqlite3.h */,
				33A37BF31A91D3D30042CA97 /* sqlite3ext.h */,
			);
			path = libsqlite;
			sourceTree = "<group>";
		};
		33B78CB61A790DE4003FC84B /* containers */ = {
			isa = PBXGroup;
			children = (
				33B78CB71A790DF9003FC84B /* MWDictionary.cpp */,
				33B78CB81A790DF9003FC84B /* MWDictionary.h */,
				33125B181A7A53B80030DD61 /* MWArrayList.cpp */,
				33125B191A7A53B80030DD61 /* MWArrayList.h */,
				33BC56351A7B933000EBCA2A /* MWQueue.cpp */,
				33BC56361A7B933000EBCA2A /* MWQueue.h */,
				33BC56381A7B99D400EBCA2A /* MWStack.cpp */,
				33BC56391A7B99D400EBCA2A /* MWStack.h */,
			);
			name = containers;
			sourceTree = "<group>";
		};
		33B78CBE1A7A3A5F003FC84B /* exceptions */ = {
			isa = PBXGroup;
			children = (
				33B78CBF1A7A3A7A003FC84B /* MWException.cpp */,
				33B78CC01A7A3A7A003FC84B /* MWException.h */,
			);
			name = exceptions;
			sourceTree = "<group>";
		};
		33C73FF11A7F1BDE0057DA34 /* lua */ = {
			isa = PBXGroup;
			children = (
				33C73FF21A7F1BED0057DA34 /* MWLuaUtils.cpp */,
				33C73FF31A7F1BED0057DA34 /* MWLuaUtils.h */,
			);
			path = lua;
			sourceTree = "<group>";
		};
		5023810617EBBCAC00990C9B /* ios */ = {
			isa = PBXGroup;
			children = (
				521A8E6819F0C3AC00D177D7 /* Default-667h@2x.png */,
				521A8E6919F0C3AC00D177D7 /* Default-736h@3x.png */,
				5023810717EBBCAC00990C9B /* AppController.h */,
				5023810817EBBCAC00990C9B /* AppController.mm */,
				5023810917EBBCAC00990C9B /* Default-568h@2x.png */,
				5023810A17EBBCAC00990C9B /* Default.png */,
				5023810B17EBBCAC00990C9B /* Default@2x.png */,
				5091734A17ECE18300D62437 /* Icons */,
				5023811317EBBCAC00990C9B /* Info.plist */,
				5023811417EBBCAC00990C9B /* main.m */,
				5023811517EBBCAC00990C9B /* Prefix.pch */,
				5023811617EBBCAC00990C9B /* RootViewController.h */,
				5023811717EBBCAC00990C9B /* RootViewController.mm */,
			);
			path = ios;
			sourceTree = "<group>";
		};
		5023817117EBBE3400990C9B /* mac */ = {
			isa = PBXGroup;
			children = (
				C06E23C318CEF9740093C81A /* main.cpp */,
				5023817217EBBE3400990C9B /* Icon.icns */,
				5023817317EBBE3400990C9B /* Info.plist */,
				5023817517EBBE3400990C9B /* Prefix.pch */,
			);
			path = mac;
			sourceTree = "<group>";
		};
		5091734A17ECE18300D62437 /* Icons */ = {
			isa = PBXGroup;
			children = (
				5091733017ECE17A00D62437 /* Icon-29.png */,
				5091733117ECE17A00D62437 /* Icon-40.png */,
				5091733217ECE17A00D62437 /* Icon-50.png */,
				5091733317ECE17A00D62437 /* Icon-58.png */,
				5091733417ECE17A00D62437 /* Icon-80.png */,
				5091733517ECE17A00D62437 /* Icon-100.png */,
				5023810C17EBBCAC00990C9B /* Icon-114.png */,
				5023810D17EBBCAC00990C9B /* Icon-120.png */,
				5023810E17EBBCAC00990C9B /* Icon-144.png */,
				5023810F17EBBCAC00990C9B /* Icon-152.png */,
				5023811017EBBCAC00990C9B /* Icon-57.png */,
				5023811117EBBCAC00990C9B /* Icon-72.png */,
				5023811217EBBCAC00990C9B /* Icon-76.png */,
			);
			name = Icons;
			sourceTree = "<group>";
		};
		78C7387C1A77EF8F0028FC3A /* Framework */ = {
			isa = PBXGroup;
			children = (
				78C738821A77F17A0028FC3A /* base */,
				F59B05F21AB36718001204D1 /* net */,
				33250D901A91E39A00D1668B /* json */,
				33A37BEE1A91D3D30042CA97 /* db */,
				78C7387D1A77EF8F0028FC3A /* scheme */,
				33C73FF11A7F1BDE0057DA34 /* lua */,
				F5629EB51AEC1FFD00CC4F1F /* compression */,
				F5C9F9241AD7B574008FAF9A /* platform */,
				F5CF4A521ADCE8CD00D0AF87 /* texture */,
				F57150941AB9E70900AF3A51 /* utils */,
				78C738811A77F0B70028FC3A /* mwframework.h */,
			);
			name = Framework;
			path = ../Framework;
			sourceTree = "<group>";
		};
		78C7387D1A77EF8F0028FC3A /* scheme */ = {
			isa = PBXGroup;
			children = (
				78C7387E1A77EF9B0028FC3A /* MWGameScene.cpp */,
				78C7387F1A77EF9B0028FC3A /* MWGameScene.h */,
				78C738841A77F4100028FC3A /* MWViewController.cpp */,
				78C738851A77F4100028FC3A /* MWViewController.h */,
				33BC563D1A7BA39B00EBCA2A /* MWGameView.cpp */,
				33BC563E1A7BA39B00EBCA2A /* MWGameView.h */,
				F5CF4A401ADB6DA900D0AF87 /* MWViewSegue.cpp */,
				F5CF4A411ADB6DA900D0AF87 /* MWViewSegue.h */,
			);
			path = scheme;
			sourceTree = "<group>";
		};
		78C738821A77F17A0028FC3A /* base */ = {
			isa = PBXGroup;
			children = (
				3382DA051A83976000A3702F /* protocols */,
				33B78CBE1A7A3A5F003FC84B /* exceptions */,
				33B78CB61A790DE4003FC84B /* containers */,
				3382DA021A83966100A3702F /* MWObject.cpp */,
				3382DA031A83966100A3702F /* MWObject.h */,
				78C738871A77F7440028FC3A /* MWBinaryData.cpp */,
				78C738881A77F7440028FC3A /* MWBinaryData.h */,
				78C738891A77F7440028FC3A /* FrameworkMacros.h */,
				3382D9F61A80F64C00A3702F /* FrameworkErrors.cpp */,
				33B78CC21A7A4DF7003FC84B /* FrameworkErrors.h */,
				33C73FF01A7F1A190057DA34 /* mwbase.h */,
			);
			path = base;
			sourceTree = "<group>";
		};
		C03781AF18BF654500FE4F13 /* Products */ = {
			isa = PBXGroup;
			children = (
				15427C49198F1DE400DC375D /* libluacocos2d Mac.a */,
				15427C59198F1DE400DC375D /* libluacocos2d iOS.a */,
			);
			name = Products;
			sourceTree = "<group>";
		};
		F293B3BD15EB7BE500256477 = {
			isa = PBXGroup;
			children = (
				C03781AE18BF654500FE4F13 /* cocos2d_lua_bindings.xcodeproj */,
				15A8A4031834BDA200142BE0 /* cocos2d_libs.xcodeproj */,
				5023810617EBBCAC00990C9B /* ios */,
				5023817117EBBE3400990C9B /* mac */,
				F293BB7C15EB830F00256477 /* Classes */,
				78C7387C1A77EF8F0028FC3A /* Framework */,
				F293B3CB15EB7BE500256477 /* Frameworks */,
				F293B3C915EB7BE500256477 /* Products */,
				F293BC4615EB859D00256477 /* Resources */,
			);
			sourceTree = "<group>";
		};
		F293B3C915EB7BE500256477 /* Products */ = {
			isa = PBXGroup;
			children = (
				F293B3C815EB7BE500256477 /* GameFramework iOS.app */,
				5023816B17EBBCE400990C9B /* GameFramework Mac.app */,
			);
			name = Products;
			sourceTree = "<group>";
		};
		F293B3CB15EB7BE500256477 /* Frameworks */ = {
			isa = PBXGroup;
			children = (
				F57150921AB9E4B900AF3A51 /* libcurl.a */,
				15AECE28195D482800907DB0 /* MediaPlayer.framework */,
				15A8A4871834C90E00142BE0 /* libcurl.dylib */,
				D6B061341803AC000077942B /* CoreMotion.framework */,
				50D7C96F17EBBEEC005D0B91 /* IOKit.framework */,
				50D7C96D17EBBEE6005D0B91 /* AppKit.framework */,
				50D7C96B17EBBEDF005D0B91 /* OpenGL.framework */,
				50805AAE17EBBEAA004CFAD3 /* UIKit.framework */,
				5023817917EBBE8300990C9B /* OpenGLES.framework */,
				1AF4C402178663F200122817 /* libz.dylib */,
				15C1568D1683131500D239F2 /* libcurl.a */,
				F293B3CC15EB7BE500256477 /* QuartzCore.framework */,
				F293B3CE15EB7BE500256477 /* OpenGLES.framework */,
				F293B3D015EB7BE500256477 /* OpenAL.framework */,
				F293B3D215EB7BE500256477 /* AudioToolbox.framework */,
				F293B3D415EB7BE500256477 /* AVFoundation.framework */,
				F293B3D615EB7BE500256477 /* UIKit.framework */,
				F293B3D815EB7BE500256477 /* Foundation.framework */,
				F293B3DA15EB7BE500256477 /* CoreGraphics.framework */,
			);
			name = Frameworks;
			sourceTree = "<group>";
		};
		F293BB7C15EB830F00256477 /* Classes */ = {
			isa = PBXGroup;
			children = (
				15427C7E198F201A00DC375D /* lua_module_register.h */,
				F293BB7E15EB831F00256477 /* AppDelegate.cpp */,
				F293BB7F15EB831F00256477 /* AppDelegate.h */,
			);
			name = Classes;
			sourceTree = "<group>";
		};
		F293BC4615EB859D00256477 /* Resources */ = {
			isa = PBXGroup;
			children = (
				C03781B718BF655400FE4F13 /* res */,
				C03781B818BF655400FE4F13 /* src */,
			);
			name = Resources;
			path = ../Resources;
			sourceTree = "<group>";
		};
		F5629EB51AEC1FFD00CC4F1F /* compression */ = {
			isa = PBXGroup;
			children = (
				F5629EB91AEC208B00CC4F1F /* zip */,
			);
			path = compression;
			sourceTree = "<group>";
		};
		F5629EB91AEC208B00CC4F1F /* zip */ = {
			isa = PBXGroup;
			children = (
				F5629EBA1AEC20F000CC4F1F /* minizip */,
				F5629EB61AEC202A00CC4F1F /* MWZipData.cpp */,
				F5629EB71AEC202A00CC4F1F /* MWZipData.h */,
			);
			name = zip;
			sourceTree = "<group>";
		};
		F5629EBA1AEC20F000CC4F1F /* minizip */ = {
			isa = PBXGroup;
			children = (
				F5629EBB1AEC20F000CC4F1F /* crypt.h */,
				F5629EBC1AEC20F000CC4F1F /* ioapi.c */,
				F5629EBD1AEC20F000CC4F1F /* ioapi.h */,
				F5629EBE1AEC20F000CC4F1F /* mztools.c */,
				F5629EBF1AEC20F000CC4F1F /* mztools.h */,
				F5629EC01AEC20F000CC4F1F /* unzip.c */,
				F5629EC11AEC20F000CC4F1F /* unzip.h */,
				F5629EC21AEC20F000CC4F1F /* zip.c */,
				F5629EC31AEC20F000CC4F1F /* zip.h */,
			);
			path = minizip;
			sourceTree = "<group>";
		};
		F5714FD81AB9D77B00AF3A51 /* http */ = {
			isa = PBXGroup;
			children = (
				F5714FE31AB9E47A00AF3A51 /* curl */,
				F5714FD91AB9D77B00AF3A51 /* MWHttpDownloader.cpp */,
				F5714FDA1AB9D77B00AF3A51 /* MWHttpDownloader.h */,
				F5714FDB1AB9D77B00AF3A51 /* MWHttpForm.cpp */,
				F5714FDC1AB9D77B00AF3A51 /* MWHttpForm.h */,
				F5CF4A4F1ADCE52C00D0AF87 /* MWHttpPostService.cpp */,
				F5CF4A501ADCE52C00D0AF87 /* MWHttpPostService.h */,
				F5714FDD1AB9D77B00AF3A51 /* MWHttpGetService.cpp */,
				F5714FDE1AB9D77B00AF3A51 /* MWHttpGetService.h */,
				F5714FDF1AB9D77B00AF3A51 /* MWHttpTransferStrategy.h */,
			);
			name = http;
			path = net/http;
			sourceTree = "<group>";
		};
		F5714FE31AB9E47A00AF3A51 /* curl */ = {
			isa = PBXGroup;
			children = (
				F5714FE41AB9E47A00AF3A51 /* include */,
			);
			path = curl;
			sourceTree = "<group>";
		};
		F5714FE41AB9E47A00AF3A51 /* include */ = {
			isa = PBXGroup;
			children = (
				F5714FF11AB9E47A00AF3A51 /* ios */,
			);
			path = include;
			sourceTree = "<group>";
		};
		F5714FF11AB9E47A00AF3A51 /* ios */ = {
			isa = PBXGroup;
			children = (
				F5714FF21AB9E47A00AF3A51 /* curl */,
			);
			path = ios;
			sourceTree = "<group>";
		};
		F5714FF21AB9E47A00AF3A51 /* curl */ = {
			isa = PBXGroup;
			children = (
				F5714FF31AB9E47A00AF3A51 /* curl.h */,
				F5714FF41AB9E47A00AF3A51 /* curlbuild.h */,
				F5714FF51AB9E47A00AF3A51 /* curlrules.h */,
				F5714FF61AB9E47A00AF3A51 /* curlver.h */,
				F5714FF71AB9E47A00AF3A51 /* easy.h */,
				F5714FF81AB9E47A00AF3A51 /* mprintf.h */,
				F5714FF91AB9E47A00AF3A51 /* multi.h */,
				F5714FFA1AB9E47A00AF3A51 /* stdcheaders.h */,
				F5714FFB1AB9E47A00AF3A51 /* typecheck-gcc.h */,
			);
			path = curl;
			sourceTree = "<group>";
		};
		F57150941AB9E70900AF3A51 /* utils */ = {
			isa = PBXGroup;
			children = (
				F5CF4A4A1ADBF3BC00D0AF87 /* MWUUIDGenerator.cpp */,
				F5CF4A4B1ADBF3BC00D0AF87 /* MWUUIDGenerator.h */,
			);
			path = utils;
			sourceTree = "<group>";
		};
		F59B05F21AB36718001204D1 /* net */ = {
			isa = PBXGroup;
			children = (
				F5714FD81AB9D77B00AF3A51 /* http */,
				F53535AB1AB455AE00EF7298 /* MWNetCenter.cpp */,
				F53535AC1AB455AE00EF7298 /* MWNetCenter.h */,
				F53535A31AB4512D00EF7298 /* MWNetProtocol.cpp */,
				F53535A41AB4512D00EF7298 /* MWNetProtocol.h */,
				F53535A01AB44F1600EF7298 /* MWNetResponse.cpp */,
				F53535A11AB44F1600EF7298 /* MWNetResponse.h */,
				F535359B1AB448FD00EF7298 /* MWNetRequest.cpp */,
				F535359C1AB448FD00EF7298 /* MWNetRequest.h */,
				F53535B31AB45A4100EF7298 /* MWNetFilter.cpp */,
				F53535B41AB45A4100EF7298 /* MWNetFilter.h */,
				F53535AF1AB4569A00EF7298 /* MWNetHandler.cpp */,
				F53535A71AB452B200EF7298 /* MWNetHandler.h */,
				F59B05F41AB367EF001204D1 /* MWNetService.h */,
			);
			name = net;
			sourceTree = "<group>";
		};
		F5C9F9241AD7B574008FAF9A /* platform */ = {
			isa = PBXGroup;
			children = (
				F5CF4A481ADBEDC000D0AF87 /* MWIOUtilsImpIOS.cpp */,
				F5CF4A461ADBEC8700D0AF87 /* MWIOUtils.h */,
				F5C9F9251AD7B5B6008FAF9A /* MWSystemHelper.cpp */,
				F5C9F9261AD7B5B6008FAF9A /* MWSystemHelper.h */,
				F5C9F9291AD7B7F4008FAF9A /* MWSystemHelperStrategy.h */,
				F5C9F92A1AD7B99A008FAF9A /* MWSystemHelperStrategyIOS.h */,
				F5C9F92B1AD7B99A008FAF9A /* MWSystemHelperStrategyIOS.mm */,
			);
			path = platform;
			sourceTree = "<group>";
		};
		F5CF4A521ADCE8CD00D0AF87 /* texture */ = {
			isa = PBXGroup;
			children = (
				F5CF4A531ADCE8CD00D0AF87 /* gif */,
			);
			path = texture;
			sourceTree = "<group>";
		};
		F5CF4A531ADCE8CD00D0AF87 /* gif */ = {
			isa = PBXGroup;
			children = (
				F5CF4A541ADCE8CD00D0AF87 /* gif_lib */,
				F5CF4A661ADCE9EA00D0AF87 /* MWGifFrame.cpp */,
				F5CF4A671ADCE9EA00D0AF87 /* MWGifFrame.h */,
				F5CF4A6B1ADCF1EC00D0AF87 /* MWGifSprite.cpp */,
				F5CF4A6C1ADCF1EC00D0AF87 /* MWGifSprite.h */,
			);
			path = gif;
			sourceTree = "<group>";
		};
		F5CF4A541ADCE8CD00D0AF87 /* gif_lib */ = {
			isa = PBXGroup;
			children = (
				F5CF4A551ADCE8CD00D0AF87 /* dgif_lib.c */,
				F5CF4A561ADCE8CD00D0AF87 /* egif_lib.c */,
				F5CF4A571ADCE8CD00D0AF87 /* gif_err.c */,
				F5CF4A581ADCE8CD00D0AF87 /* gif_font.c */,
				F5CF4A591ADCE8CD00D0AF87 /* gif_hash.c */,
				F5CF4A5A1ADCE8CD00D0AF87 /* gif_hash.h */,
				F5CF4A5B1ADCE8CD00D0AF87 /* gif_lib.h */,
				F5CF4A5C1ADCE8CD00D0AF87 /* gif_lib_private.h */,
				F5CF4A5D1ADCE8CD00D0AF87 /* gifalloc.c */,
				F5CF4A5E1ADCE8CD00D0AF87 /* quantize.c */,
			);
			path = gif_lib;
			sourceTree = "<group>";
		};
/* End PBXGroup section */

/* Begin PBXNativeTarget section */
		5023812617EBBCE400990C9B /* GameFramework Mac */ = {
			isa = PBXNativeTarget;
			buildConfigurationList = 5023816817EBBCE400990C9B /* Build configuration list for PBXNativeTarget "GameFramework Mac" */;
			buildPhases = (
				5023813117EBBCE400990C9B /* Sources */,
				5023813617EBBCE400990C9B /* Frameworks */,
				5023814617EBBCE400990C9B /* Resources */,
				3EC03837196544AA00D72B70 /* ShellScript */,
			);
			buildRules = (
			);
			dependencies = (
				15427C71198F1F4D00DC375D /* PBXTargetDependency */,
				15427C73198F1F4D00DC375D /* PBXTargetDependency */,
			);
			name = "GameFramework Mac";
			productName = GameFramework;
			productReference = 5023816B17EBBCE400990C9B /* GameFramework Mac.app */;
			productType = "com.apple.product-type.application";
		};
		F293B3C715EB7BE500256477 /* GameFramework iOS */ = {
			isa = PBXNativeTarget;
			buildConfigurationList = F293B6C415EB7BEA00256477 /* Build configuration list for PBXNativeTarget "GameFramework iOS" */;
			buildPhases = (
				F293B3C415EB7BE500256477 /* Sources */,
				F293B3C515EB7BE500256477 /* Frameworks */,
				F293B3C615EB7BE500256477 /* Resources */,
				3EC03838196544BB00D72B70 /* ShellScript */,
			);
			buildRules = (
			);
			dependencies = (
				15427C65198F1E7400DC375D /* PBXTargetDependency */,
				15427C67198F1E7400DC375D /* PBXTargetDependency */,
			);
			name = "GameFramework iOS";
			productName = GameFramework;
			productReference = F293B3C815EB7BE500256477 /* GameFramework iOS.app */;
			productType = "com.apple.product-type.application";
		};
/* End PBXNativeTarget section */

/* Begin PBXProject section */
		F293B3BF15EB7BE500256477 /* Project object */ = {
			isa = PBXProject;
			attributes = {
				LastUpgradeCheck = 0500;
				TargetAttributes = {
					F293B3C715EB7BE500256477 = {
						DevelopmentTeam = Q989R2SM23;
					};
				};
			};
			buildConfigurationList = F293B3C215EB7BE500256477 /* Build configuration list for PBXProject "GameFramework" */;
			compatibilityVersion = "Xcode 3.2";
			developmentRegion = English;
			hasScannedForEncodings = 0;
			knownRegions = (
				en,
			);
			mainGroup = F293B3BD15EB7BE500256477;
			productRefGroup = F293B3C915EB7BE500256477 /* Products */;
			projectDirPath = "";
			projectReferences = (
				{
					ProductGroup = 15A8A4041834BDA200142BE0 /* Products */;
					ProjectRef = 15A8A4031834BDA200142BE0 /* cocos2d_libs.xcodeproj */;
				},
				{
					ProductGroup = C03781AF18BF654500FE4F13 /* Products */;
					ProjectRef = C03781AE18BF654500FE4F13 /* cocos2d_lua_bindings.xcodeproj */;
				},
			);
			projectRoot = "";
			targets = (
				F293B3C715EB7BE500256477 /* GameFramework iOS */,
				5023812617EBBCE400990C9B /* GameFramework Mac */,
			);
		};
/* End PBXProject section */

/* Begin PBXReferenceProxy section */
		15427C49198F1DE400DC375D /* libluacocos2d Mac.a */ = {
			isa = PBXReferenceProxy;
			fileType = archive.ar;
			path = "libluacocos2d Mac.a";
			remoteRef = 15427C48198F1DE400DC375D /* PBXContainerItemProxy */;
			sourceTree = BUILT_PRODUCTS_DIR;
		};
		15427C59198F1DE400DC375D /* libluacocos2d iOS.a */ = {
			isa = PBXReferenceProxy;
			fileType = archive.ar;
			path = "libluacocos2d iOS.a";
			remoteRef = 15427C58198F1DE400DC375D /* PBXContainerItemProxy */;
			sourceTree = BUILT_PRODUCTS_DIR;
		};
		15A8A4171834BDA200142BE0 /* libcocos2d Mac.a */ = {
			isa = PBXReferenceProxy;
			fileType = archive.ar;
			path = "libcocos2d Mac.a";
			remoteRef = 15A8A4161834BDA200142BE0 /* PBXContainerItemProxy */;
			sourceTree = BUILT_PRODUCTS_DIR;
		};
		15A8A4251834BDA200142BE0 /* libcocos2d iOS.a */ = {
			isa = PBXReferenceProxy;
			fileType = archive.ar;
			path = "libcocos2d iOS.a";
			remoteRef = 15A8A4241834BDA200142BE0 /* PBXContainerItemProxy */;
			sourceTree = BUILT_PRODUCTS_DIR;
		};
/* End PBXReferenceProxy section */

/* Begin PBXResourcesBuildPhase section */
		5023814617EBBCE400990C9B /* Resources */ = {
			isa = PBXResourcesBuildPhase;
			buildActionMask = 2147483647;
			files = (
				C03781BA18BF655400FE4F13 /* res in Resources */,
				C03781BC18BF655400FE4F13 /* src in Resources */,
				5023817617EBBE3400990C9B /* Icon.icns in Resources */,
			);
			runOnlyForDeploymentPostprocessing = 0;
		};
		F293B3C615EB7BE500256477 /* Resources */ = {
			isa = PBXResourcesBuildPhase;
			buildActionMask = 2147483647;
			files = (
				15A8A4491834C64F00142BE0 /* Icon-114.png in Resources */,
				5023811D17EBBCAC00990C9B /* Icon-120.png in Resources */,
				5091733B17ECE17A00D62437 /* Icon-100.png in Resources */,
				5023811B17EBBCAC00990C9B /* Default@2x.png in Resources */,
				5091733617ECE17A00D62437 /* Icon-29.png in Resources */,
				5023811917EBBCAC00990C9B /* Default-568h@2x.png in Resources */,
				5091733917ECE17A00D62437 /* Icon-58.png in Resources */,
				521A8E6B19F0C3AC00D177D7 /* Default-736h@3x.png in Resources */,
				521A8E6A19F0C3AC00D177D7 /* Default-667h@2x.png in Resources */,
				5023811F17EBBCAC00990C9B /* Icon-152.png in Resources */,
				5023812017EBBCAC00990C9B /* Icon-57.png in Resources */,
				C03781B918BF655400FE4F13 /* res in Resources */,
				5023812217EBBCAC00990C9B /* Icon-76.png in Resources */,
				5091733A17ECE17A00D62437 /* Icon-80.png in Resources */,
				5091733717ECE17A00D62437 /* Icon-40.png in Resources */,
				5023811E17EBBCAC00990C9B /* Icon-144.png in Resources */,
				5023811A17EBBCAC00990C9B /* Default.png in Resources */,
				C03781BB18BF655400FE4F13 /* src in Resources */,
				5091733817ECE17A00D62437 /* Icon-50.png in Resources */,
				5023812117EBBCAC00990C9B /* Icon-72.png in Resources */,
			);
			runOnlyForDeploymentPostprocessing = 0;
		};
/* End PBXResourcesBuildPhase section */

/* Begin PBXShellScriptBuildPhase section */
		3EC03837196544AA00D72B70 /* ShellScript */ = {
			isa = PBXShellScriptBuildPhase;
			buildActionMask = 2147483647;
			files = (
			);
			inputPaths = (
			);
			outputPaths = (
			);
			runOnlyForDeploymentPostprocessing = 0;
			shellPath = /bin/sh;
			shellScript = "find ${SRCROOT}/../../../src/ -name \"*\" -exec touch -cm {} \\;\nfind ${SRCROOT}/../../../res/ -name \"*\" -exec touch -cm {} \\;";
		};
		3EC03838196544BB00D72B70 /* ShellScript */ = {
			isa = PBXShellScriptBuildPhase;
			buildActionMask = 2147483647;
			files = (
			);
			inputPaths = (
			);
			outputPaths = (
			);
			runOnlyForDeploymentPostprocessing = 0;
			shellPath = /bin/sh;
			shellScript = "find ${SRCROOT}/../../../src/ -name \"*\" -exec touch -cm {} \\;\nfind ${SRCROOT}/../../../res/ -name \"*\" -exec touch -cm {} \\;";
		};
/* End PBXShellScriptBuildPhase section */

/* Begin PBXSourcesBuildPhase section */
		5023813117EBBCE400990C9B /* Sources */ = {
			isa = PBXSourcesBuildPhase;
			buildActionMask = 2147483647;
			files = (
				C06E23C418CEF9740093C81A /* main.cpp in Sources */,
				5023813317EBBCE400990C9B /* AppDelegate.cpp in Sources */,
			);
			runOnlyForDeploymentPostprocessing = 0;
		};
		F293B3C415EB7BE500256477 /* Sources */ = {
			isa = PBXSourcesBuildPhase;
			buildActionMask = 2147483647;
			files = (
				F5CF4A641ADCE8CD00D0AF87 /* gifalloc.c in Sources */,
				78C738861A77F4100028FC3A /* MWViewController.cpp in Sources */,
				3382DA041A83966100A3702F /* MWObject.cpp in Sources */,
				33125B1A1A7A53B80030DD61 /* MWArrayList.cpp in Sources */,
				33BC563F1A7BA39B00EBCA2A /* MWGameView.cpp in Sources */,
				33250DC71A91E39A00D1668B /* MWJsonElement.cpp in Sources */,
				F5714FE01AB9D77B00AF3A51 /* MWHttpDownloader.cpp in Sources */,
				33250DD41A91E39A00D1668B /* JSONStream.cpp in Sources */,
				33250DD11A91E39A00D1668B /* JSONNode.cpp in Sources */,
				F5CF4A6D1ADCF1EC00D0AF87 /* MWGifSprite.cpp in Sources */,
				33250DCD1A91E39A00D1668B /* JSONChildren.cpp in Sources */,
				F5629EC51AEC20F000CC4F1F /* mztools.c in Sources */,
				33250DCC1A91E39A00D1668B /* JSONAllocator.cpp in Sources */,
				F5CF4A611ADCE8CD00D0AF87 /* gif_err.c in Sources */,
				F5629EC61AEC20F000CC4F1F /* unzip.c in Sources */,
				F5CF4A601ADCE8CD00D0AF87 /* egif_lib.c in Sources */,
				78C738801A77EF9B0028FC3A /* MWGameScene.cpp in Sources */,
				F5C9F92C1AD7B99A008FAF9A /* MWSystemHelperStrategyIOS.mm in Sources */,
				33A37BF71A91D3D30042CA97 /* MWSqliteDb.cpp in Sources */,
				5023812517EBBCAC00990C9B /* RootViewController.mm in Sources */,
				F5C9F9271AD7B5B6008FAF9A /* MWSystemHelper.cpp in Sources */,
				33250DD01A91E39A00D1668B /* JSONMemory.cpp in Sources */,
				F5CF4A681ADCE9EA00D0AF87 /* MWGifFrame.cpp in Sources */,
				F5629EC71AEC20F000CC4F1F /* zip.c in Sources */,
				33250DD61A91E39A00D1668B /* JSONWorker.cpp in Sources */,
				33250DC81A91E39A00D1668B /* MWJsonFormatter.cpp in Sources */,
				33250DD71A91E39A00D1668B /* JSONWriter.cpp in Sources */,
				F53535A21AB44F1600EF7298 /* MWNetResponse.cpp in Sources */,
				33250DD21A91E39A00D1668B /* JSONNode_Mutex.cpp in Sources */,
				33B78CB91A790DF9003FC84B /* MWDictionary.cpp in Sources */,
				F535359D1AB448FD00EF7298 /* MWNetRequest.cpp in Sources */,
				F53535AD1AB455AE00EF7298 /* MWNetCenter.cpp in Sources */,
				33BC56371A7B933000EBCA2A /* MWQueue.cpp in Sources */,
				33250DCF1A91E39A00D1668B /* JSONIterators.cpp in Sources */,
				33250DD51A91E39A00D1668B /* JSONValidator.cpp in Sources */,
				33B78CC11A7A3A7A003FC84B /* MWException.cpp in Sources */,
				33C73FF41A7F1BED0057DA34 /* MWLuaUtils.cpp in Sources */,
				33250DCE1A91E39A00D1668B /* JSONDebug.cpp in Sources */,
				F5CF4A621ADCE8CD00D0AF87 /* gif_font.c in Sources */,
				F5CF4A651ADCE8CD00D0AF87 /* quantize.c in Sources */,
				F5CF4A4C1ADBF3BC00D0AF87 /* MWUUIDGenerator.cpp in Sources */,
				F5CF4A421ADB6DA900D0AF87 /* MWViewSegue.cpp in Sources */,
				F293BB9C15EB831F00256477 /* AppDelegate.cpp in Sources */,
				F5CF4A511ADCE52C00D0AF87 /* MWHttpPostService.cpp in Sources */,
				33250DD81A91E39A00D1668B /* libjson.cpp in Sources */,
				F5CF4A5F1ADCE8CD00D0AF87 /* dgif_lib.c in Sources */,
				33250DCB1A91E39A00D1668B /* internalJSONNode.cpp in Sources */,
				F5CF4A491ADBEDC000D0AF87 /* MWIOUtilsImpIOS.cpp in Sources */,
				F5714FE21AB9D77B00AF3A51 /* MWHttpGetService.cpp in Sources */,
				33A37BF61A91D3D30042CA97 /* sqlite3.c in Sources */,
				33250DCA1A91E39A00D1668B /* MWJsonStructure.cpp in Sources */,
				F5629EC41AEC20F000CC4F1F /* ioapi.c in Sources */,
				F5CF4A631ADCE8CD00D0AF87 /* gif_hash.c in Sources */,
				5023812417EBBCAC00990C9B /* main.m in Sources */,
				78C738941A77F7440028FC3A /* MWBinaryData.cpp in Sources */,
				F53535B01AB4569A00EF7298 /* MWNetHandler.cpp in Sources */,
				33250DD31A91E39A00D1668B /* JSONPreparse.cpp in Sources */,
				33BC563A1A7B99D400EBCA2A /* MWStack.cpp in Sources */,
				5023811817EBBCAC00990C9B /* AppController.mm in Sources */,
				F5629EB81AEC202A00CC4F1F /* MWZipData.cpp in Sources */,
				F53535A51AB4512D00EF7298 /* MWNetProtocol.cpp in Sources */,
				3382D9F71A80F64C00A3702F /* FrameworkErrors.cpp in Sources */,
				33250DC91A91E39A00D1668B /* MWJsonParser.cpp in Sources */,
				F53535B51AB45A4100EF7298 /* MWNetFilter.cpp in Sources */,
				F5714FE11AB9D77B00AF3A51 /* MWHttpForm.cpp in Sources */,
			);
			runOnlyForDeploymentPostprocessing = 0;
		};
/* End PBXSourcesBuildPhase section */

/* Begin PBXTargetDependency section */
		15427C65198F1E7400DC375D /* PBXTargetDependency */ = {
			isa = PBXTargetDependency;
			name = "libluacocos2d iOS";
			targetProxy = 15427C64198F1E7400DC375D /* PBXContainerItemProxy */;
		};
		15427C67198F1E7400DC375D /* PBXTargetDependency */ = {
			isa = PBXTargetDependency;
			name = "libcocos2d iOS";
			targetProxy = 15427C66198F1E7400DC375D /* PBXContainerItemProxy */;
		};
		15427C71198F1F4D00DC375D /* PBXTargetDependency */ = {
			isa = PBXTargetDependency;
			name = "libluacocos2d Mac";
			targetProxy = 15427C70198F1F4D00DC375D /* PBXContainerItemProxy */;
		};
		15427C73198F1F4D00DC375D /* PBXTargetDependency */ = {
			isa = PBXTargetDependency;
			name = "libcocos2d Mac";
			targetProxy = 15427C72198F1F4D00DC375D /* PBXContainerItemProxy */;
		};
/* End PBXTargetDependency section */

/* Begin XCBuildConfiguration section */
		5023816917EBBCE400990C9B /* Debug */ = {
			isa = XCBuildConfiguration;
			buildSettings = {
				ALWAYS_SEARCH_USER_PATHS = YES;
				ARCHS = "$(ARCHS_STANDARD_64_BIT)";
				COMBINE_HIDPI_IMAGES = YES;
				GCC_DYNAMIC_NO_PIC = NO;
				GCC_PRECOMPILE_PREFIX_HEADER = YES;
				GCC_PREFIX_HEADER = mac/Prefix.pch;
				GCC_PREPROCESSOR_DEFINITIONS = (
					GLFW_EXPOSE_NATIVE_COCOA,
					GLFW_EXPOSE_NATIVE_NSGL,
					CC_TARGET_OS_MAC,
					"$(inherited)",
				);
				HEADER_SEARCH_PATHS = "";
				INFOPLIST_FILE = mac/Info.plist;
				LIBRARY_SEARCH_PATHS = "";
				OTHER_LDFLAGS = (
					"-image_base",
					100000000,
					"-pagezero_size",
					10000,
				);
				SDKROOT = macosx;
				USER_HEADER_SEARCH_PATHS = "$(inherited) $(SRCROOT)/../../cocos2d-x/cocos/platform/mac $(SRCROOT)/../../cocos2d-x/external/glfw3/include/mac";
			};
			name = Debug;
		};
		5023816A17EBBCE400990C9B /* Release */ = {
			isa = XCBuildConfiguration;
			buildSettings = {
				ALWAYS_SEARCH_USER_PATHS = YES;
				ARCHS = "$(ARCHS_STANDARD_64_BIT)";
				COMBINE_HIDPI_IMAGES = YES;
				GCC_PRECOMPILE_PREFIX_HEADER = YES;
				GCC_PREFIX_HEADER = mac/Prefix.pch;
				GCC_PREPROCESSOR_DEFINITIONS = (
					CC_TARGET_OS_MAC,
					"$(inherited)",
				);
				HEADER_SEARCH_PATHS = "";
				INFOPLIST_FILE = mac/Info.plist;
				LIBRARY_SEARCH_PATHS = "";
				OTHER_LDFLAGS = (
					"-image_base",
					100000000,
					"-pagezero_size",
					10000,
				);
				SDKROOT = macosx;
				USER_HEADER_SEARCH_PATHS = "$(inherited) $(SRCROOT)/../../cocos2d-x/cocos/platform/mac $(SRCROOT)/../../cocos2d-x/external/glfw3/include/mac";
			};
			name = Release;
		};
		F293B6C215EB7BEA00256477 /* Debug */ = {
			isa = XCBuildConfiguration;
			buildSettings = {
				CLANG_CXX_LANGUAGE_STANDARD = "c++0x";
				CLANG_CXX_LIBRARY = "libc++";
				COPY_PHASE_STRIP = NO;
				GCC_C_LANGUAGE_STANDARD = c99;
				GCC_OPTIMIZATION_LEVEL = 0;
				GCC_PREPROCESSOR_DEFINITIONS = (
					DEBUG,
					"COCOS2D_DEBUG=1",
					USE_FILE32API,
					"CC_LUA_ENGINE_ENABLED=1",
					"CC_ENABLE_CHIPMUNK_INTEGRATION=1",
					GLFW_EXPOSE_NATIVE_COCOA,
					MW_ENABLE_SCRIPT_BINDING,
				);
				GCC_SYMBOLS_PRIVATE_EXTERN = NO;
				GCC_WARN_ABOUT_RETURN_TYPE = YES;
				GCC_WARN_UNUSED_VARIABLE = YES;
				HEADER_SEARCH_PATHS = "";
				ONLY_ACTIVE_ARCH = YES;
				PRODUCT_NAME = "$(TARGET_NAME)";
				USER_HEADER_SEARCH_PATHS = "$(SRCROOT)/../../cocos2d-x $(SRCROOT)/../../cocos2d-x/cocos $(SRCROOT)/../../cocos2d-x/cocos/base $(SRCROOT)/../../cocos2d-x/cocos/physics $(SRCROOT)/../../cocos2d-x/cocos/math/kazmath $(SRCROOT)/../../cocos2d-x/cocos/2d $(SRCROOT)/../../cocos2d-x/cocos/ui $(SRCROOT)/../../cocos2d-x/cocos/network $(SRCROOT)/../../cocos2d-x/cocos/audio/include $(SRCROOT)/../../cocos2d-x/cocos/editor-support $(SRCROOT)/../../cocos2d-x/extensions $(SRCROOT)/../../cocos2d-x/external $(SRCROOT)/../../cocos2d-x/external/chipmunk/include/chipmunk $(SRCROOT)/../../cocos2d-x/external/lua/luajit/include $(SRCROOT)/../../cocos2d-x/external/lua/tolua $(SRCROOT)/../../cocos2d-x/cocos/scripting/lua-bindings/manual $(SRCROOT)/../../cocos2d-x/cocos/scripting/lua-bindings/auto";
			};
			name = Debug;
		};
		F293B6C315EB7BEA00256477 /* Release */ = {
			isa = XCBuildConfiguration;
			buildSettings = {
				CLANG_CXX_LANGUAGE_STANDARD = "c++0x";
				CLANG_CXX_LIBRARY = "libc++";
				GCC_C_LANGUAGE_STANDARD = c99;
				GCC_PREPROCESSOR_DEFINITIONS = (
					NDEBUG,
					USE_FILE32API,
					"CC_LUA_ENGINE_ENABLED=1",
					"CC_ENABLE_CHIPMUNK_INTEGRATION=1",
					MW_ENABLE_SCRIPT_BINDING,
				);
				GCC_WARN_ABOUT_RETURN_TYPE = YES;
				GCC_WARN_UNUSED_VARIABLE = YES;
				HEADER_SEARCH_PATHS = "";
				OTHER_CFLAGS = "-DNS_BLOCK_ASSERTIONS=1";
				PRODUCT_NAME = "$(TARGET_NAME)";
				USER_HEADER_SEARCH_PATHS = "$(SRCROOT)/../../cocos2d-x $(SRCROOT)/../../cocos2d-x/cocos $(SRCROOT)/../../cocos2d-x/cocos/base $(SRCROOT)/../../cocos2d-x/cocos/physics $(SRCROOT)/../../cocos2d-x/cocos/math/kazmath $(SRCROOT)/../../cocos2d-x/cocos/2d $(SRCROOT)/../../cocos2d-x/cocos/ui $(SRCROOT)/../../cocos2d-x/cocos/network $(SRCROOT)/../../cocos2d-x/cocos/audio/include $(SRCROOT)/../../cocos2d-x/cocos/editor-support $(SRCROOT)/../../cocos2d-x/extensions $(SRCROOT)/../../cocos2d-x/external $(SRCROOT)/../../cocos2d-x/external/chipmunk/include/chipmunk $(SRCROOT)/../../cocos2d-x/external/lua/luajit/include $(SRCROOT)/../../cocos2d-x/external/lua/tolua $(SRCROOT)/../../cocos2d-x/cocos/scripting/lua-bindings/manual $(SRCROOT)/../../cocos2d-x/cocos/scripting/lua-bindings/auto";
				VALIDATE_PRODUCT = YES;
			};
			name = Release;
		};
		F293B6C515EB7BEA00256477 /* Debug */ = {
			isa = XCBuildConfiguration;
			buildSettings = {
				ALWAYS_SEARCH_USER_PATHS = YES;
				CODE_SIGN_IDENTITY = "iPhone Developer";
				COMPRESS_PNG_FILES = NO;
				GCC_DYNAMIC_NO_PIC = NO;
				GCC_PRECOMPILE_PREFIX_HEADER = YES;
				GCC_PREFIX_HEADER = ios/Prefix.pch;
				GCC_PREPROCESSOR_DEFINITIONS = (
					CC_TARGET_OS_IPHONE,
					"$(inherited)",
				);
				HEADER_SEARCH_PATHS = "";
				INFOPLIST_FILE = ios/Info.plist;
				IPHONEOS_DEPLOYMENT_TARGET = 5.0;
				LIBRARY_SEARCH_PATHS = "$(SRCROOT)/../../runtime-src/Framework/net/http/curl/prebuilt/ios";
				SDKROOT = iphoneos;
				TARGETED_DEVICE_FAMILY = "1,2";
				USER_HEADER_SEARCH_PATHS = "$(inherited) $(SRCROOT)/../../cocos2d-x/cocos/platform/ios";
				VALID_ARCHS = "arm64 armv7";
			};
			name = Debug;
		};
		F293B6C615EB7BEA00256477 /* Release */ = {
			isa = XCBuildConfiguration;
			buildSettings = {
				ALWAYS_SEARCH_USER_PATHS = YES;
				CODE_SIGN_IDENTITY = "iPhone Developer";
				COMPRESS_PNG_FILES = NO;
				GCC_PRECOMPILE_PREFIX_HEADER = YES;
				GCC_PREFIX_HEADER = ios/Prefix.pch;
				GCC_PREPROCESSOR_DEFINITIONS = (
					CC_TARGET_OS_IPHONE,
					"$(inherited)",
				);
				HEADER_SEARCH_PATHS = "";
				INFOPLIST_FILE = ios/Info.plist;
				IPHONEOS_DEPLOYMENT_TARGET = 5.0;
				LIBRARY_SEARCH_PATHS = "$(SRCROOT)/../../runtime-src/Framework/net/http/curl/prebuilt/ios";
				SDKROOT = iphoneos;
				TARGETED_DEVICE_FAMILY = "1,2";
				USER_HEADER_SEARCH_PATHS = "$(inherited) $(SRCROOT)/../../cocos2d-x/cocos/platform/ios";
				VALID_ARCHS = "arm64 armv7";
			};
			name = Release;
		};
/* End XCBuildConfiguration section */

/* Begin XCConfigurationList section */
		5023816817EBBCE400990C9B /* Build configuration list for PBXNativeTarget "GameFramework Mac" */ = {
			isa = XCConfigurationList;
			buildConfigurations = (
				5023816917EBBCE400990C9B /* Debug */,
				5023816A17EBBCE400990C9B /* Release */,
			);
			defaultConfigurationIsVisible = 0;
			defaultConfigurationName = Release;
		};
		F293B3C215EB7BE500256477 /* Build configuration list for PBXProject "GameFramework" */ = {
			isa = XCConfigurationList;
			buildConfigurations = (
				F293B6C215EB7BEA00256477 /* Debug */,
				F293B6C315EB7BEA00256477 /* Release */,
			);
			defaultConfigurationIsVisible = 0;
			defaultConfigurationName = Release;
		};
		F293B6C415EB7BEA00256477 /* Build configuration list for PBXNativeTarget "GameFramework iOS" */ = {
			isa = XCConfigurationList;
			buildConfigurations = (
				F293B6C515EB7BEA00256477 /* Debug */,
				F293B6C615EB7BEA00256477 /* Release */,
			);
			defaultConfigurationIsVisible = 0;
			defaultConfigurationName = Release;
		};
/* End XCConfigurationList section */
	};
	rootObject = F293B3BF15EB7BE500256477 /* Project object */;
}
